// !$*UTF8*$!
{
	archiveVersion = 1;
	classes = {
	};
	objectVersion = 46;
	objects = {

/* Begin PBXBuildFile section */
		27156F4D18B76AF50053A99C /* Foundation.framework in Frameworks */ = {isa = PBXBuildFile; fileRef = 27156F4C18B76AF50053A99C /* Foundation.framework */; };
		27156F4F18B76AF50053A99C /* CoreGraphics.framework in Frameworks */ = {isa = PBXBuildFile; fileRef = 27156F4E18B76AF50053A99C /* CoreGraphics.framework */; };
		27156F5118B76AF50053A99C /* UIKit.framework in Frameworks */ = {isa = PBXBuildFile; fileRef = 27156F5018B76AF50053A99C /* UIKit.framework */; };
		27156F5718B76AF50053A99C /* InfoPlist.strings in Resources */ = {isa = PBXBuildFile; fileRef = 27156F5518B76AF50053A99C /* InfoPlist.strings */; };
		27156F5918B76AF50053A99C /* main.m in Sources */ = {isa = PBXBuildFile; fileRef = 27156F5818B76AF50053A99C /* main.m */; };
		27156F5D18B76AF50053A99C /* MackenzieAppDelegate.m in Sources */ = {isa = PBXBuildFile; fileRef = 27156F5C18B76AF50053A99C /* MackenzieAppDelegate.m */; };
		27156F5F18B76AF50053A99C /* Images.xcassets in Resources */ = {isa = PBXBuildFile; fileRef = 27156F5E18B76AF50053A99C /* Images.xcassets */; };
		27156F6618B76AF50053A99C /* XCTest.framework in Frameworks */ = {isa = PBXBuildFile; fileRef = 27156F6518B76AF50053A99C /* XCTest.framework */; };
		27156F6718B76AF50053A99C /* Foundation.framework in Frameworks */ = {isa = PBXBuildFile; fileRef = 27156F4C18B76AF50053A99C /* Foundation.framework */; };
		27156F6818B76AF50053A99C /* UIKit.framework in Frameworks */ = {isa = PBXBuildFile; fileRef = 27156F5018B76AF50053A99C /* UIKit.framework */; };
		27156F7018B76AF50053A99C /* InfoPlist.strings in Resources */ = {isa = PBXBuildFile; fileRef = 27156F6E18B76AF50053A99C /* InfoPlist.strings */; };
		27156F7218B76AF50053A99C /* NavigationTests.m in Sources */ = {isa = PBXBuildFile; fileRef = 27156F7118B76AF50053A99C /* NavigationTests.m */; };
		27156F7D18BA89430053A99C /* LetraAViewController.m in Sources */ = {isa = PBXBuildFile; fileRef = 27156F7C18BA89430053A99C /* LetraAViewController.m */; };
		27156F8018BA8B210053A99C /* LetraBViewController.m in Sources */ = {isa = PBXBuildFile; fileRef = 27156F7F18BA8B210053A99C /* LetraBViewController.m */; };
		7532701918BD175300F6C605 /* LetrasViewController.m in Sources */ = {isa = PBXBuildFile; fileRef = 7532701818BD175300F6C605 /* LetrasViewController.m */; };
		7532701C18BD1DE700F6C605 /* Dicionario.m in Sources */ = {isa = PBXBuildFile; fileRef = 7532701B18BD1DE700F6C605 /* Dicionario.m */; };
		7532702118BD2C2B00F6C605 /* Palavra.m in Sources */ = {isa = PBXBuildFile; fileRef = 7532702018BD2C2B00F6C605 /* Palavra.m */; };
		75A24AA018BFB6DC00435A27 /* arvore.png in Resources */ = {isa = PBXBuildFile; fileRef = 75A24A8618BFB6DC00435A27 /* arvore.png */; };
		75A24AA118BFB6DC00435A27 /* button.jpeg in Resources */ = {isa = PBXBuildFile; fileRef = 75A24A8718BFB6DC00435A27 /* button.jpeg */; };
		75A24AA218BFB6DC00435A27 /* casa.jpg in Resources */ = {isa = PBXBuildFile; fileRef = 75A24A8818BFB6DC00435A27 /* casa.jpg */; };
		75A24AA318BFB6DC00435A27 /* dados.jpg in Resources */ = {isa = PBXBuildFile; fileRef = 75A24A8918BFB6DC00435A27 /* dados.jpg */; };
		75A24AA418BFB6DC00435A27 /* dicionario.jpg in Resources */ = {isa = PBXBuildFile; fileRef = 75A24A8A18BFB6DC00435A27 /* dicionario.jpg */; };
		75A24AA518BFB6DC00435A27 /* elefante.jpg in Resources */ = {isa = PBXBuildFile; fileRef = 75A24A8B18BFB6DC00435A27 /* elefante.jpg */; };
		75A24AA618BFB6DC00435A27 /* familia.jpg in Resources */ = {isa = PBXBuildFile; fileRef = 75A24A8C18BFB6DC00435A27 /* familia.jpg */; };
		75A24AA718BFB6DC00435A27 /* gato.jpeg in Resources */ = {isa = PBXBuildFile; fileRef = 75A24A8D18BFB6DC00435A27 /* gato.jpeg */; };
		75A24AA818BFB6DC00435A27 /* helicoptero.jpeg in Resources */ = {isa = PBXBuildFile; fileRef = 75A24A8E18BFB6DC00435A27 /* helicoptero.jpeg */; };
		75A24AA918BFB6DC00435A27 /* igreja.jpeg in Resources */ = {isa = PBXBuildFile; fileRef = 75A24A8F18BFB6DC00435A27 /* igreja.jpeg */; };
		75A24AAA18BFB6DC00435A27 /* jacare.jpeg in Resources */ = {isa = PBXBuildFile; fileRef = 75A24A9018BFB6DC00435A27 /* jacare.jpeg */; };
		75A24AAB18BFB6DC00435A27 /* kiwi.jpeg in Resources */ = {isa = PBXBuildFile; fileRef = 75A24A9118BFB6DC00435A27 /* kiwi.jpeg */; };
		75A24AAC18BFB6DC00435A27 /* lua.jpeg in Resources */ = {isa = PBXBuildFile; fileRef = 75A24A9218BFB6DC00435A27 /* lua.jpeg */; };
		75A24AAD18BFB6DC00435A27 /* melancia.jpeg in Resources */ = {isa = PBXBuildFile; fileRef = 75A24A9318BFB6DC00435A27 /* melancia.jpeg */; };
		75A24AAE18BFB6DC00435A27 /* navio.jpeg in Resources */ = {isa = PBXBuildFile; fileRef = 75A24A9418BFB6DC00435A27 /* navio.jpeg */; };
		75A24AAF18BFB6DC00435A27 /* ovo.jpeg in Resources */ = {isa = PBXBuildFile; fileRef = 75A24A9518BFB6DC00435A27 /* ovo.jpeg */; };
		75A24AB018BFB6DC00435A27 /* pintinho.jpeg in Resources */ = {isa = PBXBuildFile; fileRef = 75A24A9618BFB6DC00435A27 /* pintinho.jpeg */; };
		75A24AB118BFB6DC00435A27 /* queijo.jpeg in Resources */ = {isa = PBXBuildFile; fileRef = 75A24A9718BFB6DC00435A27 /* queijo.jpeg */; };
		75A24AB218BFB6DC00435A27 /* rato.jpeg in Resources */ = {isa = PBXBuildFile; fileRef = 75A24A9818BFB6DC00435A27 /* rato.jpeg */; };
		75A24AB318BFB6DC00435A27 /* sol.jpeg in Resources */ = {isa = PBXBuildFile; fileRef = 75A24A9918BFB6DC00435A27 /* sol.jpeg */; };
		75A24AB418BFB6DC00435A27 /* trem.jpeg in Resources */ = {isa = PBXBuildFile; fileRef = 75A24A9A18BFB6DC00435A27 /* trem.jpeg */; };
		75A24AB518BFB6DC00435A27 /* uva.jpeg in Resources */ = {isa = PBXBuildFile; fileRef = 75A24A9B18BFB6DC00435A27 /* uva.jpeg */; };
		75A24AB618BFB6DC00435A27 /* vo.jpeg in Resources */ = {isa = PBXBuildFile; fileRef = 75A24A9C18BFB6DC00435A27 /* vo.jpeg */; };
		75A24AB718BFB6DC00435A27 /* xicara.jpeg in Resources */ = {isa = PBXBuildFile; fileRef = 75A24A9D18BFB6DC00435A27 /* xicara.jpeg */; };
		75A24AB818BFB6DC00435A27 /* yingyang.jpeg in Resources */ = {isa = PBXBuildFile; fileRef = 75A24A9E18BFB6DC00435A27 /* yingyang.jpeg */; };
		75A24AB918BFB6DC00435A27 /* zebra.jpeg in Resources */ = {isa = PBXBuildFile; fileRef = 75A24A9F18BFB6DC00435A27 /* zebra.jpeg */; };
		75AAD49818BE632300F9F410 /* dicionario.jpg in Resources */ = {isa = PBXBuildFile; fileRef = 75AAD49718BE632300F9F410 /* dicionario.jpg */; };
/* End PBXBuildFile section */

/* Begin PBXContainerItemProxy section */
		27156F6918B76AF50053A99C /* PBXContainerItemProxy */ = {
			isa = PBXContainerItemProxy;
			containerPortal = 27156F4118B76AF50053A99C /* Project object */;
			proxyType = 1;
			remoteGlobalIDString = 27156F4818B76AF50053A99C;
			remoteInfo = Navigation;
		};
/* End PBXContainerItemProxy section */

/* Begin PBXFileReference section */
		27156F4918B76AF50053A99C /* Navigation.app */ = {isa = PBXFileReference; explicitFileType = wrapper.application; includeInIndex = 0; path = Navigation.app; sourceTree = BUILT_PRODUCTS_DIR; };
		27156F4C18B76AF50053A99C /* Foundation.framework */ = {isa = PBXFileReference; lastKnownFileType = wrapper.framework; name = Foundation.framework; path = System/Library/Frameworks/Foundation.framework; sourceTree = SDKROOT; };
		27156F4E18B76AF50053A99C /* CoreGraphics.framework */ = {isa = PBXFileReference; lastKnownFileType = wrapper.framework; name = CoreGraphics.framework; path = System/Library/Frameworks/CoreGraphics.framework; sourceTree = SDKROOT; };
		27156F5018B76AF50053A99C /* UIKit.framework */ = {isa = PBXFileReference; lastKnownFileType = wrapper.framework; name = UIKit.framework; path = System/Library/Frameworks/UIKit.framework; sourceTree = SDKROOT; };
		27156F5418B76AF50053A99C /* Navigation-Info.plist */ = {isa = PBXFileReference; lastKnownFileType = text.plist.xml; path = "Navigation-Info.plist"; sourceTree = "<group>"; };
		27156F5618B76AF50053A99C /* en */ = {isa = PBXFileReference; lastKnownFileType = text.plist.strings; name = en; path = en.lproj/InfoPlist.strings; sourceTree = "<group>"; };
		27156F5818B76AF50053A99C /* main.m */ = {isa = PBXFileReference; lastKnownFileType = sourcecode.c.objc; path = main.m; sourceTree = "<group>"; };
		27156F5A18B76AF50053A99C /* Navigation-Prefix.pch */ = {isa = PBXFileReference; lastKnownFileType = sourcecode.c.h; path = "Navigation-Prefix.pch"; sourceTree = "<group>"; };
		27156F5B18B76AF50053A99C /* MackenzieAppDelegate.h */ = {isa = PBXFileReference; lastKnownFileType = sourcecode.c.h; path = MackenzieAppDelegate.h; sourceTree = "<group>"; };
		27156F5C18B76AF50053A99C /* MackenzieAppDelegate.m */ = {isa = PBXFileReference; lastKnownFileType = sourcecode.c.objc; path = MackenzieAppDelegate.m; sourceTree = "<group>"; };
		27156F5E18B76AF50053A99C /* Images.xcassets */ = {isa = PBXFileReference; lastKnownFileType = folder.assetcatalog; path = Images.xcassets; sourceTree = "<group>"; };
		27156F6418B76AF50053A99C /* NavigationTests.xctest */ = {isa = PBXFileReference; explicitFileType = wrapper.cfbundle; includeInIndex = 0; path = NavigationTests.xctest; sourceTree = BUILT_PRODUCTS_DIR; };
		27156F6518B76AF50053A99C /* XCTest.framework */ = {isa = PBXFileReference; lastKnownFileType = wrapper.framework; name = XCTest.framework; path = Library/Frameworks/XCTest.framework; sourceTree = DEVELOPER_DIR; };
		27156F6D18B76AF50053A99C /* NavigationTests-Info.plist */ = {isa = PBXFileReference; lastKnownFileType = text.plist.xml; path = "NavigationTests-Info.plist"; sourceTree = "<group>"; };
		27156F6F18B76AF50053A99C /* en */ = {isa = PBXFileReference; lastKnownFileType = text.plist.strings; name = en; path = en.lproj/InfoPlist.strings; sourceTree = "<group>"; };
		27156F7118B76AF50053A99C /* NavigationTests.m */ = {isa = PBXFileReference; lastKnownFileType = sourcecode.c.objc; path = NavigationTests.m; sourceTree = "<group>"; };
		27156F7B18BA89430053A99C /* LetraAViewController.h */ = {isa = PBXFileReference; fileEncoding = 4; lastKnownFileType = sourcecode.c.h; path = LetraAViewController.h; sourceTree = "<group>"; };
		27156F7C18BA89430053A99C /* LetraAViewController.m */ = {isa = PBXFileReference; fileEncoding = 4; lastKnownFileType = sourcecode.c.objc; path = LetraAViewController.m; sourceTree = "<group>"; };
		27156F7E18BA8B210053A99C /* LetraBViewController.h */ = {isa = PBXFileReference; fileEncoding = 4; lastKnownFileType = sourcecode.c.h; path = LetraBViewController.h; sourceTree = "<group>"; };
		27156F7F18BA8B210053A99C /* LetraBViewController.m */ = {isa = PBXFileReference; fileEncoding = 4; lastKnownFileType = sourcecode.c.objc; path = LetraBViewController.m; sourceTree = "<group>"; };
		7532701718BD175300F6C605 /* LetrasViewController.h */ = {isa = PBXFileReference; fileEncoding = 4; lastKnownFileType = sourcecode.c.h; path = LetrasViewController.h; sourceTree = "<group>"; };
		7532701818BD175300F6C605 /* LetrasViewController.m */ = {isa = PBXFileReference; fileEncoding = 4; lastKnownFileType = sourcecode.c.objc; path = LetrasViewController.m; sourceTree = "<group>"; };
		7532701A18BD1DE700F6C605 /* Dicionario.h */ = {isa = PBXFileReference; fileEncoding = 4; lastKnownFileType = sourcecode.c.h; path = Dicionario.h; sourceTree = "<group>"; };
		7532701B18BD1DE700F6C605 /* Dicionario.m */ = {isa = PBXFileReference; fileEncoding = 4; lastKnownFileType = sourcecode.c.objc; path = Dicionario.m; sourceTree = "<group>"; };
		7532701F18BD2C2B00F6C605 /* Palavra.h */ = {isa = PBXFileReference; fileEncoding = 4; lastKnownFileType = sourcecode.c.h; path = Palavra.h; sourceTree = "<group>"; };
		7532702018BD2C2B00F6C605 /* Palavra.m */ = {isa = PBXFileReference; fileEncoding = 4; lastKnownFileType = sourcecode.c.objc; path = Palavra.m; sourceTree = "<group>"; };
		75A24A8618BFB6DC00435A27 /* arvore.png */ = {isa = PBXFileReference; lastKnownFileType = image.png; name = arvore.png; path = Imagens/arvore.png; sourceTree = SOURCE_ROOT; };
		75A24A8718BFB6DC00435A27 /* button.jpeg */ = {isa = PBXFileReference; lastKnownFileType = image.jpeg; name = button.jpeg; path = Imagens/button.jpeg; sourceTree = SOURCE_ROOT; };
		75A24A8818BFB6DC00435A27 /* casa.jpg */ = {isa = PBXFileReference; lastKnownFileType = image.jpeg; name = casa.jpg; path = Imagens/casa.jpg; sourceTree = SOURCE_ROOT; };
		75A24A8918BFB6DC00435A27 /* dados.jpg */ = {isa = PBXFileReference; lastKnownFileType = image.jpeg; name = dados.jpg; path = Imagens/dados.jpg; sourceTree = SOURCE_ROOT; };
		75A24A8A18BFB6DC00435A27 /* dicionario.jpg */ = {isa = PBXFileReference; lastKnownFileType = image.jpeg; name = dicionario.jpg; path = Imagens/dicionario.jpg; sourceTree = SOURCE_ROOT; };
		75A24A8B18BFB6DC00435A27 /* elefante.jpg */ = {isa = PBXFileReference; lastKnownFileType = image.jpeg; name = elefante.jpg; path = Imagens/elefante.jpg; sourceTree = SOURCE_ROOT; };
		75A24A8C18BFB6DC00435A27 /* familia.jpg */ = {isa = PBXFileReference; lastKnownFileType = image.jpeg; name = familia.jpg; path = Imagens/familia.jpg; sourceTree = SOURCE_ROOT; };
		75A24A8D18BFB6DC00435A27 /* gato.jpeg */ = {isa = PBXFileReference; lastKnownFileType = image.jpeg; name = gato.jpeg; path = Imagens/gato.jpeg; sourceTree = SOURCE_ROOT; };
		75A24A8E18BFB6DC00435A27 /* helicoptero.jpeg */ = {isa = PBXFileReference; lastKnownFileType = image.jpeg; name = helicoptero.jpeg; path = Imagens/helicoptero.jpeg; sourceTree = SOURCE_ROOT; };
		75A24A8F18BFB6DC00435A27 /* igreja.jpeg */ = {isa = PBXFileReference; lastKnownFileType = image.jpeg; name = igreja.jpeg; path = Imagens/igreja.jpeg; sourceTree = SOURCE_ROOT; };
		75A24A9018BFB6DC00435A27 /* jacare.jpeg */ = {isa = PBXFileReference; lastKnownFileType = image.jpeg; name = jacare.jpeg; path = Imagens/jacare.jpeg; sourceTree = SOURCE_ROOT; };
		75A24A9118BFB6DC00435A27 /* kiwi.jpeg */ = {isa = PBXFileReference; lastKnownFileType = image.jpeg; name = kiwi.jpeg; path = Imagens/kiwi.jpeg; sourceTree = SOURCE_ROOT; };
		75A24A9218BFB6DC00435A27 /* lua.jpeg */ = {isa = PBXFileReference; lastKnownFileType = image.jpeg; name = lua.jpeg; path = Imagens/lua.jpeg; sourceTree = SOURCE_ROOT; };
		75A24A9318BFB6DC00435A27 /* melancia.jpeg */ = {isa = PBXFileReference; lastKnownFileType = image.jpeg; name = melancia.jpeg; path = Imagens/melancia.jpeg; sourceTree = SOURCE_ROOT; };
		75A24A9418BFB6DC00435A27 /* navio.jpeg */ = {isa = PBXFileReference; lastKnownFileType = image.jpeg; name = navio.jpeg; path = Imagens/navio.jpeg; sourceTree = SOURCE_ROOT; };
		75A24A9518BFB6DC00435A27 /* ovo.jpeg */ = {isa = PBXFileReference; lastKnownFileType = image.jpeg; name = ovo.jpeg; path = Imagens/ovo.jpeg; sourceTree = SOURCE_ROOT; };
		75A24A9618BFB6DC00435A27 /* pintinho.jpeg */ = {isa = PBXFileReference; lastKnownFileType = image.jpeg; name = pintinho.jpeg; path = Imagens/pintinho.jpeg; sourceTree = SOURCE_ROOT; };
		75A24A9718BFB6DC00435A27 /* queijo.jpeg */ = {isa = PBXFileReference; lastKnownFileType = image.jpeg; name = queijo.jpeg; path = Imagens/queijo.jpeg; sourceTree = SOURCE_ROOT; };
		75A24A9818BFB6DC00435A27 /* rato.jpeg */ = {isa = PBXFileReference; lastKnownFileType = image.jpeg; name = rato.jpeg; path = Imagens/rato.jpeg; sourceTree = SOURCE_ROOT; };
		75A24A9918BFB6DC00435A27 /* sol.jpeg */ = {isa = PBXFileReference; lastKnownFileType = image.jpeg; name = sol.jpeg; path = Imagens/sol.jpeg; sourceTree = SOURCE_ROOT; };
		75A24A9A18BFB6DC00435A27 /* trem.jpeg */ = {isa = PBXFileReference; lastKnownFileType = image.jpeg; name = trem.jpeg; path = Imagens/trem.jpeg; sourceTree = SOURCE_ROOT; };
		75A24A9B18BFB6DC00435A27 /* uva.jpeg */ = {isa = PBXFileReference; lastKnownFileType = image.jpeg; name = uva.jpeg; path = Imagens/uva.jpeg; sourceTree = SOURCE_ROOT; };
		75A24A9C18BFB6DC00435A27 /* vo.jpeg */ = {isa = PBXFileReference; lastKnownFileType = image.jpeg; name = vo.jpeg; path = Imagens/vo.jpeg; sourceTree = SOURCE_ROOT; };
		75A24A9D18BFB6DC00435A27 /* xicara.jpeg */ = {isa = PBXFileReference; lastKnownFileType = image.jpeg; name = xicara.jpeg; path = Imagens/xicara.jpeg; sourceTree = SOURCE_ROOT; };
		75A24A9E18BFB6DC00435A27 /* yingyang.jpeg */ = {isa = PBXFileReference; lastKnownFileType = image.jpeg; name = yingyang.jpeg; path = Imagens/yingyang.jpeg; sourceTree = SOURCE_ROOT; };
		75A24A9F18BFB6DC00435A27 /* zebra.jpeg */ = {isa = PBXFileReference; lastKnownFileType = image.jpeg; name = zebra.jpeg; path = Imagens/zebra.jpeg; sourceTree = SOURCE_ROOT; };
		75AAD49718BE632300F9F410 /* dicionario.jpg */ = {isa = PBXFileReference; lastKnownFileType = image.jpeg; name = dicionario.jpg; path = Imagens/dicionario.jpg; sourceTree = SOURCE_ROOT; };
/* End PBXFileReference section */

/* Begin PBXFrameworksBuildPhase section */
		27156F4618B76AF50053A99C /* Frameworks */ = {
			isa = PBXFrameworksBuildPhase;
			buildActionMask = 2147483647;
			files = (
				27156F4F18B76AF50053A99C /* CoreGraphics.framework in Frameworks */,
				27156F5118B76AF50053A99C /* UIKit.framework in Frameworks */,
				27156F4D18B76AF50053A99C /* Foundation.framework in Frameworks */,
			);
			runOnlyForDeploymentPostprocessing = 0;
		};
		27156F6118B76AF50053A99C /* Frameworks */ = {
			isa = PBXFrameworksBuildPhase;
			buildActionMask = 2147483647;
			files = (
				27156F6618B76AF50053A99C /* XCTest.framework in Frameworks */,
				27156F6818B76AF50053A99C /* UIKit.framework in Frameworks */,
				27156F6718B76AF50053A99C /* Foundation.framework in Frameworks */,
			);
			runOnlyForDeploymentPostprocessing = 0;
		};
/* End PBXFrameworksBuildPhase section */

/* Begin PBXGroup section */
		27156F4018B76AF50053A99C = {
			isa = PBXGroup;
			children = (
				27156F5218B76AF50053A99C /* Navigation */,
				27156F6B18B76AF50053A99C /* NavigationTests */,
				27156F4B18B76AF50053A99C /* Frameworks */,
				27156F4A18B76AF50053A99C /* Products */,
			);
			sourceTree = "<group>";
		};
		27156F4A18B76AF50053A99C /* Products */ = {
			isa = PBXGroup;
			children = (
				27156F4918B76AF50053A99C /* Navigation.app */,
				27156F6418B76AF50053A99C /* NavigationTests.xctest */,
			);
			name = Products;
			sourceTree = "<group>";
		};
		27156F4B18B76AF50053A99C /* Frameworks */ = {
			isa = PBXGroup;
			children = (
				27156F4C18B76AF50053A99C /* Foundation.framework */,
				27156F4E18B76AF50053A99C /* CoreGraphics.framework */,
				27156F5018B76AF50053A99C /* UIKit.framework */,
				27156F6518B76AF50053A99C /* XCTest.framework */,
			);
			name = Frameworks;
			sourceTree = "<group>";
		};
		27156F5218B76AF50053A99C /* Navigation */ = {
			isa = PBXGroup;
			children = (
				7532701A18BD1DE700F6C605 /* Dicionario.h */,
				7532701B18BD1DE700F6C605 /* Dicionario.m */,
				27156F5B18B76AF50053A99C /* MackenzieAppDelegate.h */,
				27156F5C18B76AF50053A99C /* MackenzieAppDelegate.m */,
				27156F5E18B76AF50053A99C /* Images.xcassets */,
				27156F5318B76AF50053A99C /* Supporting Files */,
				27156F7B18BA89430053A99C /* LetraAViewController.h */,
				27156F7C18BA89430053A99C /* LetraAViewController.m */,
				27156F7E18BA8B210053A99C /* LetraBViewController.h */,
				27156F7F18BA8B210053A99C /* LetraBViewController.m */,
				7532701718BD175300F6C605 /* LetrasViewController.h */,
				7532701818BD175300F6C605 /* LetrasViewController.m */,
				7532701F18BD2C2B00F6C605 /* Palavra.h */,
				7532702018BD2C2B00F6C605 /* Palavra.m */,
				75AAD49618BE62CC00F9F410 /* Imagens */,
			);
			path = Navigation;
			sourceTree = "<group>";
		};
		27156F5318B76AF50053A99C /* Supporting Files */ = {
			isa = PBXGroup;
			children = (
				27156F5418B76AF50053A99C /* Navigation-Info.plist */,
				27156F5518B76AF50053A99C /* InfoPlist.strings */,
				27156F5818B76AF50053A99C /* main.m */,
				27156F5A18B76AF50053A99C /* Navigation-Prefix.pch */,
			);
			name = "Supporting Files";
			sourceTree = "<group>";
		};
		27156F6B18B76AF50053A99C /* NavigationTests */ = {
			isa = PBXGroup;
			children = (
				27156F7118B76AF50053A99C /* NavigationTests.m */,
				27156F6C18B76AF50053A99C /* Supporting Files */,
			);
			path = NavigationTests;
			sourceTree = "<group>";
		};
		27156F6C18B76AF50053A99C /* Supporting Files */ = {
			isa = PBXGroup;
			children = (
				27156F6D18B76AF50053A99C /* NavigationTests-Info.plist */,
				27156F6E18B76AF50053A99C /* InfoPlist.strings */,
			);
			name = "Supporting Files";
			sourceTree = "<group>";
		};
		75AAD49618BE62CC00F9F410 /* Imagens */ = {
			isa = PBXGroup;
			children = (
				75AAD49718BE632300F9F410 /* dicionario.jpg */,
				75A24A8618BFB6DC00435A27 /* arvore.png */,
				75A24A8718BFB6DC00435A27 /* button.jpeg */,
				75A24A8818BFB6DC00435A27 /* casa.jpg */,
				75A24A8918BFB6DC00435A27 /* dados.jpg */,
				75A24A8A18BFB6DC00435A27 /* dicionario.jpg */,
				75A24A8B18BFB6DC00435A27 /* elefante.jpg */,
				75A24A8C18BFB6DC00435A27 /* familia.jpg */,
				75A24A8D18BFB6DC00435A27 /* gato.jpeg */,
				75A24A8E18BFB6DC00435A27 /* helicoptero.jpeg */,
				75A24A8F18BFB6DC00435A27 /* igreja.jpeg */,
				75A24A9018BFB6DC00435A27 /* jacare.jpeg */,
				75A24A9118BFB6DC00435A27 /* kiwi.jpeg */,
				75A24A9218BFB6DC00435A27 /* lua.jpeg */,
				75A24A9318BFB6DC00435A27 /* melancia.jpeg */,
				75A24A9418BFB6DC00435A27 /* navio.jpeg */,
				75A24A9518BFB6DC00435A27 /* ovo.jpeg */,
				75A24A9618BFB6DC00435A27 /* pintinho.jpeg */,
				75A24A9718BFB6DC00435A27 /* queijo.jpeg */,
				75A24A9818BFB6DC00435A27 /* rato.jpeg */,
				75A24A9918BFB6DC00435A27 /* sol.jpeg */,
				75A24A9A18BFB6DC00435A27 /* trem.jpeg */,
				75A24A9B18BFB6DC00435A27 /* uva.jpeg */,
				75A24A9C18BFB6DC00435A27 /* vo.jpeg */,
				75A24A9D18BFB6DC00435A27 /* xicara.jpeg */,
				75A24A9E18BFB6DC00435A27 /* yingyang.jpeg */,
				75A24A9F18BFB6DC00435A27 /* zebra.jpeg */,
			);
			name = Imagens;
			sourceTree = "<group>";
		};
/* End PBXGroup section */

/* Begin PBXNativeTarget section */
		27156F4818B76AF50053A99C /* Navigation */ = {
			isa = PBXNativeTarget;
			buildConfigurationList = 27156F7518B76AF50053A99C /* Build configuration list for PBXNativeTarget "Navigation" */;
			buildPhases = (
				27156F4518B76AF50053A99C /* Sources */,
				27156F4618B76AF50053A99C /* Frameworks */,
				27156F4718B76AF50053A99C /* Resources */,
			);
			buildRules = (
			);
			dependencies = (
			);
			name = Navigation;
			productName = Navigation;
			productReference = 27156F4918B76AF50053A99C /* Navigation.app */;
			productType = "com.apple.product-type.application";
		};
		27156F6318B76AF50053A99C /* NavigationTests */ = {
			isa = PBXNativeTarget;
			buildConfigurationList = 27156F7818B76AF50053A99C /* Build configuration list for PBXNativeTarget "NavigationTests" */;
			buildPhases = (
				27156F6018B76AF50053A99C /* Sources */,
				27156F6118B76AF50053A99C /* Frameworks */,
				27156F6218B76AF50053A99C /* Resources */,
			);
			buildRules = (
			);
			dependencies = (
				27156F6A18B76AF50053A99C /* PBXTargetDependency */,
			);
			name = NavigationTests;
			productName = NavigationTests;
			productReference = 27156F6418B76AF50053A99C /* NavigationTests.xctest */;
			productType = "com.apple.product-type.bundle.unit-test";
		};
/* End PBXNativeTarget section */

/* Begin PBXProject section */
		27156F4118B76AF50053A99C /* Project object */ = {
			isa = PBXProject;
			attributes = {
				CLASSPREFIX = Mackenzie;
				LastUpgradeCheck = 0500;
				ORGANIZATIONNAME = "Vinicius Miana";
				TargetAttributes = {
					27156F6318B76AF50053A99C = {
						TestTargetID = 27156F4818B76AF50053A99C;
					};
				};
			};
			buildConfigurationList = 27156F4418B76AF50053A99C /* Build configuration list for PBXProject "Navigation" */;
			compatibilityVersion = "Xcode 3.2";
			developmentRegion = English;
			hasScannedForEncodings = 0;
			knownRegions = (
				en,
			);
			mainGroup = 27156F4018B76AF50053A99C;
			productRefGroup = 27156F4A18B76AF50053A99C /* Products */;
			projectDirPath = "";
			projectRoot = "";
			targets = (
				27156F4818B76AF50053A99C /* Navigation */,
				27156F6318B76AF50053A99C /* NavigationTests */,
			);
		};
/* End PBXProject section */

/* Begin PBXResourcesBuildPhase section */
		27156F4718B76AF50053A99C /* Resources */ = {
			isa = PBXResourcesBuildPhase;
			buildActionMask = 2147483647;
			files = (
				75A24AA018BFB6DC00435A27 /* arvore.png in Resources */,
				75A24AA618BFB6DC00435A27 /* familia.jpg in Resources */,
				75A24AA218BFB6DC00435A27 /* casa.jpg in Resources */,
				75A24AB818BFB6DC00435A27 /* yingyang.jpeg in Resources */,
				75A24AA718BFB6DC00435A27 /* gato.jpeg in Resources */,
				75A24AAF18BFB6DC00435A27 /* ovo.jpeg in Resources */,
				75A24AB418BFB6DC00435A27 /* trem.jpeg in Resources */,
				75A24AAB18BFB6DC00435A27 /* kiwi.jpeg in Resources */,
				75AAD49818BE632300F9F410 /* dicionario.jpg in Resources */,
				75A24AA318BFB6DC00435A27 /* dados.jpg in Resources */,
				27156F5718B76AF50053A99C /* InfoPlist.strings in Resources */,
				75A24AA918BFB6DC00435A27 /* igreja.jpeg in Resources */,
				75A24AAD18BFB6DC00435A27 /* melancia.jpeg in Resources */,
				75A24AB718BFB6DC00435A27 /* xicara.jpeg in Resources */,
				75A24AB618BFB6DC00435A27 /* vo.jpeg in Resources */,
				27156F5F18B76AF50053A99C /* Images.xcassets in Resources */,
				75A24AB118BFB6DC00435A27 /* queijo.jpeg in Resources */,
				75A24AB918BFB6DC00435A27 /* zebra.jpeg in Resources */,
				75A24AAE18BFB6DC00435A27 /* navio.jpeg in Resources */,
				75A24AB518BFB6DC00435A27 /* uva.jpeg in Resources */,
				75A24AA418BFB6DC00435A27 /* dicionario.jpg in Resources */,
				75A24AB218BFB6DC00435A27 /* rato.jpeg in Resources */,
				75A24AB018BFB6DC00435A27 /* pintinho.jpeg in Resources */,
				75A24AA118BFB6DC00435A27 /* button.jpeg in Resources */,
				75A24AAA18BFB6DC00435A27 /* jacare.jpeg in Resources */,
				75A24AB318BFB6DC00435A27 /* sol.jpeg in Resources */,
				75A24AA818BFB6DC00435A27 /* helicoptero.jpeg in Resources */,
				75A24AAC18BFB6DC00435A27 /* lua.jpeg in Resources */,
				75A24AA518BFB6DC00435A27 /* elefante.jpg in Resources */,
			);
			runOnlyForDeploymentPostprocessing = 0;
		};
		27156F6218B76AF50053A99C /* Resources */ = {
			isa = PBXResourcesBuildPhase;
			buildActionMask = 2147483647;
			files = (
				27156F7018B76AF50053A99C /* InfoPlist.strings in Resources */,
			);
			runOnlyForDeploymentPostprocessing = 0;
		};
/* End PBXResourcesBuildPhase section */

/* Begin PBXSourcesBuildPhase section */
		27156F4518B76AF50053A99C /* Sources */ = {
			isa = PBXSourcesBuildPhase;
			buildActionMask = 2147483647;
			files = (
				27156F5D18B76AF50053A99C /* MackenzieAppDelegate.m in Sources */,
				27156F7D18BA89430053A99C /* LetraAViewController.m in Sources */,
				7532702118BD2C2B00F6C605 /* Palavra.m in Sources */,
				7532701918BD175300F6C605 /* LetrasViewController.m in Sources */,
				7532701C18BD1DE700F6C605 /* Dicionario.m in Sources */,
				27156F8018BA8B210053A99C /* LetraBViewController.m in Sources */,
				27156F5918B76AF50053A99C /* main.m in Sources */,
			);
			runOnlyForDeploymentPostprocessing = 0;
		};
		27156F6018B76AF50053A99C /* Sources */ = {
			isa = PBXSourcesBuildPhase;
			buildActionMask = 2147483647;
			files = (
				27156F7218B76AF50053A99C /* NavigationTests.m in Sources */,
			);
			runOnlyForDeploymentPostprocessing = 0;
		};
/* End PBXSourcesBuildPhase section */

/* Begin PBXTargetDependency section */
		27156F6A18B76AF50053A99C /* PBXTargetDependency */ = {
			isa = PBXTargetDependency;
			target = 27156F4818B76AF50053A99C /* Navigation */;
			targetProxy = 27156F6918B76AF50053A99C /* PBXContainerItemProxy */;
		};
/* End PBXTargetDependency section */

/* Begin PBXVariantGroup section */
		27156F5518B76AF50053A99C /* InfoPlist.strings */ = {
			isa = PBXVariantGroup;
			children = (
				27156F5618B76AF50053A99C /* en */,
			);
			name = InfoPlist.strings;
			sourceTree = "<group>";
		};
		27156F6E18B76AF50053A99C /* InfoPlist.strings */ = {
			isa = PBXVariantGroup;
			children = (
				27156F6F18B76AF50053A99C /* en */,
			);
			name = InfoPlist.strings;
			sourceTree = "<group>";
		};
/* End PBXVariantGroup section */

/* Begin XCBuildConfiguration section */
		27156F7318B76AF50053A99C /* Debug */ = {
			isa = XCBuildConfiguration;
			buildSettings = {
				ALWAYS_SEARCH_USER_PATHS = NO;
				ARCHS = "$(ARCHS_STANDARD_INCLUDING_64_BIT)";
				CLANG_CXX_LANGUAGE_STANDARD = "gnu++0x";
				CLANG_CXX_LIBRARY = "libc++";
				CLANG_ENABLE_MODULES = YES;
				CLANG_ENABLE_OBJC_ARC = YES;
				CLANG_WARN_BOOL_CONVERSION = YES;
				CLANG_WARN_CONSTANT_CONVERSION = YES;
				CLANG_WARN_DIRECT_OBJC_ISA_USAGE = YES_ERROR;
				CLANG_WARN_EMPTY_BODY = YES;
				CLANG_WARN_ENUM_CONVERSION = YES;
				CLANG_WARN_INT_CONVERSION = YES;
				CLANG_WARN_OBJC_ROOT_CLASS = YES_ERROR;
				CLANG_WARN__DUPLICATE_METHOD_MATCH = YES;
				"CODE_SIGN_IDENTITY[sdk=iphoneos*]" = "iPhone Developer";
				COPY_PHASE_STRIP = NO;
				GCC_C_LANGUAGE_STANDARD = gnu99;
				GCC_DYNAMIC_NO_PIC = NO;
				GCC_OPTIMIZATION_LEVEL = 0;
				GCC_PREPROCESSOR_DEFINITIONS = (
					"DEBUG=1",
					"$(inherited)",
				);
				GCC_SYMBOLS_PRIVATE_EXTERN = NO;
				GCC_WARN_64_TO_32_BIT_CONVERSION = YES;
				GCC_WARN_ABOUT_RETURN_TYPE = YES_ERROR;
				GCC_WARN_UNDECLARED_SELECTOR = YES;
				GCC_WARN_UNINITIALIZED_AUTOS = YES;
				GCC_WARN_UNUSED_FUNCTION = YES;
				GCC_WARN_UNUSED_VARIABLE = YES;
				IPHONEOS_DEPLOYMENT_TARGET = 7.0;
				ONLY_ACTIVE_ARCH = YES;
				SDKROOT = iphoneos;
			};
			name = Debug;
		};
		27156F7418B76AF50053A99C /* Release */ = {
			isa = XCBuildConfiguration;
			buildSettings = {
				ALWAYS_SEARCH_USER_PATHS = NO;
				ARCHS = "$(ARCHS_STANDARD_INCLUDING_64_BIT)";
				CLANG_CXX_LANGUAGE_STANDARD = "gnu++0x";
				CLANG_CXX_LIBRARY = "libc++";
				CLANG_ENABLE_MODULES = YES;
				CLANG_ENABLE_OBJC_ARC = YES;
				CLANG_WARN_BOOL_CONVERSION = YES;
				CLANG_WARN_CONSTANT_CONVERSION = YES;
				CLANG_WARN_DIRECT_OBJC_ISA_USAGE = YES_ERROR;
				CLANG_WARN_EMPTY_BODY = YES;
				CLANG_WARN_ENUM_CONVERSION = YES;
				CLANG_WARN_INT_CONVERSION = YES;
				CLANG_WARN_OBJC_ROOT_CLASS = YES_ERROR;
				CLANG_WARN__DUPLICATE_METHOD_MATCH = YES;
				"CODE_SIGN_IDENTITY[sdk=iphoneos*]" = "iPhone Developer";
				COPY_PHASE_STRIP = YES;
				ENABLE_NS_ASSERTIONS = NO;
				GCC_C_LANGUAGE_STANDARD = gnu99;
				GCC_WARN_64_TO_32_BIT_CONVERSION = YES;
				GCC_WARN_ABOUT_RETURN_TYPE = YES_ERROR;
				GCC_WARN_UNDECLARED_SELECTOR = YES;
				GCC_WARN_UNINITIALIZED_AUTOS = YES;
				GCC_WARN_UNUSED_FUNCTION = YES;
				GCC_WARN_UNUSED_VARIABLE = YES;
				IPHONEOS_DEPLOYMENT_TARGET = 7.0;
				SDKROOT = iphoneos;
				VALIDATE_PRODUCT = YES;
			};
			name = Release;
		};
		27156F7618B76AF50053A99C /* Debug */ = {
			isa = XCBuildConfiguration;
			buildSettings = {
				ASSETCATALOG_COMPILER_APPICON_NAME = AppIcon;
				ASSETCATALOG_COMPILER_LAUNCHIMAGE_NAME = LaunchImage;
				GCC_PRECOMPILE_PREFIX_HEADER = YES;
				GCC_PREFIX_HEADER = "Navigation/Navigation-Prefix.pch";
				INFOPLIST_FILE = "Navigation/Navigation-Info.plist";
				PRODUCT_NAME = "$(TARGET_NAME)";
				WRAPPER_EXTENSION = app;
			};
			name = Debug;
		};
		27156F7718B76AF50053A99C /* Release */ = {
			isa = XCBuildConfiguration;
			buildSettings = {
				ASSETCATALOG_COMPILER_APPICON_NAME = AppIcon;
				ASSETCATALOG_COMPILER_LAUNCHIMAGE_NAME = LaunchImage;
				GCC_PRECOMPILE_PREFIX_HEADER = YES;
				GCC_PREFIX_HEADER = "Navigation/Navigation-Prefix.pch";
				INFOPLIST_FILE = "Navigation/Navigation-Info.plist";
				PRODUCT_NAME = "$(TARGET_NAME)";
				WRAPPER_EXTENSION = app;
			};
			name = Release;
		};
		27156F7918B76AF50053A99C /* Debug */ = {
			isa = XCBuildConfiguration;
			buildSettings = {
				ARCHS = "$(ARCHS_STANDARD_INCLUDING_64_BIT)";
				BUNDLE_LOADER = "$(BUILT_PRODUCTS_DIR)/Navigation.app/Navigation";
				FRAMEWORK_SEARCH_PATHS = (
					"$(SDKROOT)/Developer/Library/Frameworks",
					"$(inherited)",
					"$(DEVELOPER_FRAMEWORKS_DIR)",
				);
				GCC_PRECOMPILE_PREFIX_HEADER = YES;
				GCC_PREFIX_HEADER = "Navigation/Navigation-Prefix.pch";
				GCC_PREPROCESSOR_DEFINITIONS = (
					"DEBUG=1",
					"$(inherited)",
				);
				INFOPLIST_FILE = "NavigationTests/NavigationTests-Info.plist";
				PRODUCT_NAME = "$(TARGET_NAME)";
				TEST_HOST = "$(BUNDLE_LOADER)";
				WRAPPER_EXTENSION = xctest;
			};
			name = Debug;
		};
		27156F7A18B76AF50053A99C /* Release */ = {
			isa = XCBuildConfiguration;
			buildSettings = {
				ARCHS = "$(ARCHS_STANDARD_INCLUDING_64_BIT)";
				BUNDLE_LOADER = "$(BUILT_PRODUCTS_DIR)/Navigation.app/Navigation";
				FRAMEWORK_SEARCH_PATHS = (
					"$(SDKROOT)/Developer/Library/Frameworks",
					"$(inherited)",
					"$(DEVELOPER_FRAMEWORKS_DIR)",
				);
				GCC_PRECOMPILE_PREFIX_HEADER = YES;
				GCC_PREFIX_HEADER = "Navigation/Navigation-Prefix.pch";
				INFOPLIST_FILE = "NavigationTests/NavigationTests-Info.plist";
				PRODUCT_NAME = "$(TARGET_NAME)";
				TEST_HOST = "$(BUNDLE_LOADER)";
				WRAPPER_EXTENSION = xctest;
			};
			name = Release;
		};
/* End XCBuildConfiguration section */

/* Begin XCConfigurationList section */
		27156F4418B76AF50053A99C /* Build configuration list for PBXProject "Navigation" */ = {
			isa = XCConfigurationList;
			buildConfigurations = (
				27156F7318B76AF50053A99C /* Debug */,
				27156F7418B76AF50053A99C /* Release */,
			);
			defaultConfigurationIsVisible = 0;
			defaultConfigurationName = Release;
		};
		27156F7518B76AF50053A99C /* Build configuration list for PBXNativeTarget "Navigation" */ = {
			isa = XCConfigurationList;
			buildConfigurations = (
				27156F7618B76AF50053A99C /* Debug */,
				27156F7718B76AF50053A99C /* Release */,
			);
			defaultConfigurationIsVisible = 0;
			defaultConfigurationName = Release;
		};
		27156F7818B76AF50053A99C /* Build configuration list for PBXNativeTarget "NavigationTests" */ = {
			isa = XCConfigurationList;
			buildConfigurations = (
				27156F7918B76AF50053A99C /* Debug */,
				27156F7A18B76AF50053A99C /* Release */,
			);
			defaultConfigurationIsVisible = 0;
			defaultConfigurationName = Release;
		};
/* End XCConfigurationList section */
	};
	rootObject = 27156F4118B76AF50053A99C /* Project object */;
}
