// !$*UTF8*$!
{
	archiveVersion = 1;
	classes = {
	};
	objectVersion = 46;
	objects = {

/* Begin PBXBuildFile section */
		024B159D18C104130093BC09 /* abelha.jpg in Resources */ = {isa = PBXBuildFile; fileRef = 024B159A18C104130093BC09 /* abelha.jpg */; };
		024B159E18C104130093BC09 /* banana.jpg in Resources */ = {isa = PBXBuildFile; fileRef = 024B159B18C104130093BC09 /* banana.jpg */; };
		024B159F18C104130093BC09 /* dado.gif in Resources */ = {isa = PBXBuildFile; fileRef = 024B159C18C104130093BC09 /* dado.gif */; };
		024B15B818C104370093BC09 /* doge.jpg in Resources */ = {isa = PBXBuildFile; fileRef = 024B15A018C104370093BC09 /* doge.jpg */; };
		024B15B918C104370093BC09 /* escola.gif in Resources */ = {isa = PBXBuildFile; fileRef = 024B15A118C104370093BC09 /* escola.gif */; };
		024B15BA18C104370093BC09 /* fogueira.png in Resources */ = {isa = PBXBuildFile; fileRef = 024B15A218C104370093BC09 /* fogueira.png */; };
		024B15BB18C104370093BC09 /* gato.gif in Resources */ = {isa = PBXBuildFile; fileRef = 024B15A318C104370093BC09 /* gato.gif */; };
		024B15BC18C104370093BC09 /* hotel.jpg in Resources */ = {isa = PBXBuildFile; fileRef = 024B15A418C104370093BC09 /* hotel.jpg */; };
		024B15BD18C104370093BC09 /* indio.jpg in Resources */ = {isa = PBXBuildFile; fileRef = 024B15A518C104370093BC09 /* indio.jpg */; };
		024B15BE18C104370093BC09 /* jacare.gif in Resources */ = {isa = PBXBuildFile; fileRef = 024B15A618C104370093BC09 /* jacare.gif */; };
		024B15BF18C104370093BC09 /* kiwi.jpg in Resources */ = {isa = PBXBuildFile; fileRef = 024B15A718C104370093BC09 /* kiwi.jpg */; };
		024B15C018C104370093BC09 /* laranja.jpg in Resources */ = {isa = PBXBuildFile; fileRef = 024B15A818C104370093BC09 /* laranja.jpg */; };
		024B15C118C104370093BC09 /* letra.xib in Resources */ = {isa = PBXBuildFile; fileRef = 024B15A918C104370093BC09 /* letra.xib */; };
		024B15C218C104370093BC09 /* melancia.jpg in Resources */ = {isa = PBXBuildFile; fileRef = 024B15AA18C104370093BC09 /* melancia.jpg */; };
		024B15C318C104370093BC09 /* navio.jpg in Resources */ = {isa = PBXBuildFile; fileRef = 024B15AB18C104370093BC09 /* navio.jpg */; };
		024B15C418C104370093BC09 /* ovo.jpg in Resources */ = {isa = PBXBuildFile; fileRef = 024B15AC18C104370093BC09 /* ovo.jpg */; };
		024B15C518C104370093BC09 /* peixe.jpg in Resources */ = {isa = PBXBuildFile; fileRef = 024B15AD18C104370093BC09 /* peixe.jpg */; };
		024B15C618C104370093BC09 /* queijo.jpg in Resources */ = {isa = PBXBuildFile; fileRef = 024B15AE18C104370093BC09 /* queijo.jpg */; };
		024B15C718C104370093BC09 /* rato.jpg in Resources */ = {isa = PBXBuildFile; fileRef = 024B15AF18C104370093BC09 /* rato.jpg */; };
		024B15C818C104370093BC09 /* salada.jpg in Resources */ = {isa = PBXBuildFile; fileRef = 024B15B018C104370093BC09 /* salada.jpg */; };
		024B15C918C104370093BC09 /* tucano.jpg in Resources */ = {isa = PBXBuildFile; fileRef = 024B15B118C104370093BC09 /* tucano.jpg */; };
		024B15CA18C104370093BC09 /* uva.jpg in Resources */ = {isa = PBXBuildFile; fileRef = 024B15B218C104370093BC09 /* uva.jpg */; };
		024B15CB18C104370093BC09 /* vaca.jpg in Resources */ = {isa = PBXBuildFile; fileRef = 024B15B318C104370093BC09 /* vaca.jpg */; };
		024B15CC18C104370093BC09 /* waltdisney.jpg in Resources */ = {isa = PBXBuildFile; fileRef = 024B15B418C104370093BC09 /* waltdisney.jpg */; };
		024B15CD18C104370093BC09 /* xarope.jpg in Resources */ = {isa = PBXBuildFile; fileRef = 024B15B518C104370093BC09 /* xarope.jpg */; };
		024B15CE18C104370093BC09 /* yoyo.gif in Resources */ = {isa = PBXBuildFile; fileRef = 024B15B618C104370093BC09 /* yoyo.gif */; };
		024B15CF18C104370093BC09 /* zebra.gif in Resources */ = {isa = PBXBuildFile; fileRef = 024B15B718C104370093BC09 /* zebra.gif */; };
		024B15D618C104C50093BC09 /* VBAAppDelegate.m in Sources */ = {isa = PBXBuildFile; fileRef = 024B15D118C104C50093BC09 /* VBAAppDelegate.m */; };
		024B15D718C104C50093BC09 /* VBALetraViewController.m in Sources */ = {isa = PBXBuildFile; fileRef = 024B15D318C104C50093BC09 /* VBALetraViewController.m */; };
		024B15D818C104C50093BC09 /* VBAPalavrasStore.m in Sources */ = {isa = PBXBuildFile; fileRef = 024B15D518C104C50093BC09 /* VBAPalavrasStore.m */; };
		27156F4D18B76AF50053A99C /* Foundation.framework in Frameworks */ = {isa = PBXBuildFile; fileRef = 27156F4C18B76AF50053A99C /* Foundation.framework */; };
		27156F4F18B76AF50053A99C /* CoreGraphics.framework in Frameworks */ = {isa = PBXBuildFile; fileRef = 27156F4E18B76AF50053A99C /* CoreGraphics.framework */; };
		27156F5118B76AF50053A99C /* UIKit.framework in Frameworks */ = {isa = PBXBuildFile; fileRef = 27156F5018B76AF50053A99C /* UIKit.framework */; };
		27156F5718B76AF50053A99C /* InfoPlist.strings in Resources */ = {isa = PBXBuildFile; fileRef = 27156F5518B76AF50053A99C /* InfoPlist.strings */; };
		27156F5918B76AF50053A99C /* main.m in Sources */ = {isa = PBXBuildFile; fileRef = 27156F5818B76AF50053A99C /* main.m */; };
		27156F5F18B76AF50053A99C /* Images.xcassets in Resources */ = {isa = PBXBuildFile; fileRef = 27156F5E18B76AF50053A99C /* Images.xcassets */; };
		27156F6618B76AF50053A99C /* XCTest.framework in Frameworks */ = {isa = PBXBuildFile; fileRef = 27156F6518B76AF50053A99C /* XCTest.framework */; };
		27156F6718B76AF50053A99C /* Foundation.framework in Frameworks */ = {isa = PBXBuildFile; fileRef = 27156F4C18B76AF50053A99C /* Foundation.framework */; };
		27156F6818B76AF50053A99C /* UIKit.framework in Frameworks */ = {isa = PBXBuildFile; fileRef = 27156F5018B76AF50053A99C /* UIKit.framework */; };
		27156F7018B76AF50053A99C /* InfoPlist.strings in Resources */ = {isa = PBXBuildFile; fileRef = 27156F6E18B76AF50053A99C /* InfoPlist.strings */; };
		27156F7218B76AF50053A99C /* NavigationTests.m in Sources */ = {isa = PBXBuildFile; fileRef = 27156F7118B76AF50053A99C /* NavigationTests.m */; };
/* End PBXBuildFile section */

/* Begin PBXContainerItemProxy section */
		27156F6918B76AF50053A99C /* PBXContainerItemProxy */ = {
			isa = PBXContainerItemProxy;
			containerPortal = 27156F4118B76AF50053A99C /* Project object */;
			proxyType = 1;
			remoteGlobalIDString = 27156F4818B76AF50053A99C;
			remoteInfo = Navigation;
		};
/* End PBXContainerItemProxy section */

/* Begin PBXFileReference section */
		024B159A18C104130093BC09 /* abelha.jpg */ = {isa = PBXFileReference; lastKnownFileType = image.jpeg; path = abelha.jpg; sourceTree = "<group>"; };
		024B159B18C104130093BC09 /* banana.jpg */ = {isa = PBXFileReference; lastKnownFileType = image.jpeg; path = banana.jpg; sourceTree = "<group>"; };
		024B159C18C104130093BC09 /* dado.gif */ = {isa = PBXFileReference; lastKnownFileType = image.gif; path = dado.gif; sourceTree = "<group>"; };
		024B15A018C104370093BC09 /* doge.jpg */ = {isa = PBXFileReference; lastKnownFileType = image.jpeg; path = doge.jpg; sourceTree = "<group>"; };
		024B15A118C104370093BC09 /* escola.gif */ = {isa = PBXFileReference; lastKnownFileType = image.gif; path = escola.gif; sourceTree = "<group>"; };
		024B15A218C104370093BC09 /* fogueira.png */ = {isa = PBXFileReference; lastKnownFileType = image.png; path = fogueira.png; sourceTree = "<group>"; };
		024B15A318C104370093BC09 /* gato.gif */ = {isa = PBXFileReference; lastKnownFileType = image.gif; path = gato.gif; sourceTree = "<group>"; };
		024B15A418C104370093BC09 /* hotel.jpg */ = {isa = PBXFileReference; lastKnownFileType = image.jpeg; path = hotel.jpg; sourceTree = "<group>"; };
		024B15A518C104370093BC09 /* indio.jpg */ = {isa = PBXFileReference; lastKnownFileType = image.jpeg; path = indio.jpg; sourceTree = "<group>"; };
		024B15A618C104370093BC09 /* jacare.gif */ = {isa = PBXFileReference; lastKnownFileType = image.gif; path = jacare.gif; sourceTree = "<group>"; };
		024B15A718C104370093BC09 /* kiwi.jpg */ = {isa = PBXFileReference; lastKnownFileType = image.jpeg; path = kiwi.jpg; sourceTree = "<group>"; };
		024B15A818C104370093BC09 /* laranja.jpg */ = {isa = PBXFileReference; lastKnownFileType = image.jpeg; path = laranja.jpg; sourceTree = "<group>"; };
		024B15A918C104370093BC09 /* letra.xib */ = {isa = PBXFileReference; fileEncoding = 4; lastKnownFileType = file.xib; path = letra.xib; sourceTree = "<group>"; };
		024B15AA18C104370093BC09 /* melancia.jpg */ = {isa = PBXFileReference; lastKnownFileType = image.jpeg; path = melancia.jpg; sourceTree = "<group>"; };
		024B15AB18C104370093BC09 /* navio.jpg */ = {isa = PBXFileReference; lastKnownFileType = image.jpeg; path = navio.jpg; sourceTree = "<group>"; };
		024B15AC18C104370093BC09 /* ovo.jpg */ = {isa = PBXFileReference; lastKnownFileType = image.jpeg; path = ovo.jpg; sourceTree = "<group>"; };
		024B15AD18C104370093BC09 /* peixe.jpg */ = {isa = PBXFileReference; lastKnownFileType = image.jpeg; path = peixe.jpg; sourceTree = "<group>"; };
		024B15AE18C104370093BC09 /* queijo.jpg */ = {isa = PBXFileReference; lastKnownFileType = image.jpeg; path = queijo.jpg; sourceTree = "<group>"; };
		024B15AF18C104370093BC09 /* rato.jpg */ = {isa = PBXFileReference; lastKnownFileType = image.jpeg; path = rato.jpg; sourceTree = "<group>"; };
		024B15B018C104370093BC09 /* salada.jpg */ = {isa = PBXFileReference; lastKnownFileType = image.jpeg; path = salada.jpg; sourceTree = "<group>"; };
		024B15B118C104370093BC09 /* tucano.jpg */ = {isa = PBXFileReference; lastKnownFileType = image.jpeg; path = tucano.jpg; sourceTree = "<group>"; };
		024B15B218C104370093BC09 /* uva.jpg */ = {isa = PBXFileReference; lastKnownFileType = image.jpeg; path = uva.jpg; sourceTree = "<group>"; };
		024B15B318C104370093BC09 /* vaca.jpg */ = {isa = PBXFileReference; lastKnownFileType = image.jpeg; path = vaca.jpg; sourceTree = "<group>"; };
		024B15B418C104370093BC09 /* waltdisney.jpg */ = {isa = PBXFileReference; lastKnownFileType = image.jpeg; path = waltdisney.jpg; sourceTree = "<group>"; };
		024B15B518C104370093BC09 /* xarope.jpg */ = {isa = PBXFileReference; lastKnownFileType = image.jpeg; path = xarope.jpg; sourceTree = "<group>"; };
		024B15B618C104370093BC09 /* yoyo.gif */ = {isa = PBXFileReference; lastKnownFileType = image.gif; path = yoyo.gif; sourceTree = "<group>"; };
		024B15B718C104370093BC09 /* zebra.gif */ = {isa = PBXFileReference; lastKnownFileType = image.gif; path = zebra.gif; sourceTree = "<group>"; };
		024B15D018C104C50093BC09 /* VBAAppDelegate.h */ = {isa = PBXFileReference; fileEncoding = 4; lastKnownFileType = sourcecode.c.h; path = VBAAppDelegate.h; sourceTree = "<group>"; };
		024B15D118C104C50093BC09 /* VBAAppDelegate.m */ = {isa = PBXFileReference; fileEncoding = 4; lastKnownFileType = sourcecode.c.objc; path = VBAAppDelegate.m; sourceTree = "<group>"; };
		024B15D218C104C50093BC09 /* VBALetraViewController.h */ = {isa = PBXFileReference; fileEncoding = 4; lastKnownFileType = sourcecode.c.h; path = VBALetraViewController.h; sourceTree = "<group>"; };
		024B15D318C104C50093BC09 /* VBALetraViewController.m */ = {isa = PBXFileReference; fileEncoding = 4; lastKnownFileType = sourcecode.c.objc; path = VBALetraViewController.m; sourceTree = "<group>"; };
		024B15D418C104C50093BC09 /* VBAPalavrasStore.h */ = {isa = PBXFileReference; fileEncoding = 4; lastKnownFileType = sourcecode.c.h; path = VBAPalavrasStore.h; sourceTree = "<group>"; };
		024B15D518C104C50093BC09 /* VBAPalavrasStore.m */ = {isa = PBXFileReference; fileEncoding = 4; lastKnownFileType = sourcecode.c.objc; path = VBAPalavrasStore.m; sourceTree = "<group>"; };
		27156F4918B76AF50053A99C /* Navigation.app */ = {isa = PBXFileReference; explicitFileType = wrapper.application; includeInIndex = 0; path = Navigation.app; sourceTree = BUILT_PRODUCTS_DIR; };
		27156F4C18B76AF50053A99C /* Foundation.framework */ = {isa = PBXFileReference; lastKnownFileType = wrapper.framework; name = Foundation.framework; path = System/Library/Frameworks/Foundation.framework; sourceTree = SDKROOT; };
		27156F4E18B76AF50053A99C /* CoreGraphics.framework */ = {isa = PBXFileReference; lastKnownFileType = wrapper.framework; name = CoreGraphics.framework; path = System/Library/Frameworks/CoreGraphics.framework; sourceTree = SDKROOT; };
		27156F5018B76AF50053A99C /* UIKit.framework */ = {isa = PBXFileReference; lastKnownFileType = wrapper.framework; name = UIKit.framework; path = System/Library/Frameworks/UIKit.framework; sourceTree = SDKROOT; };
		27156F5418B76AF50053A99C /* Navigation-Info.plist */ = {isa = PBXFileReference; lastKnownFileType = text.plist.xml; path = "Navigation-Info.plist"; sourceTree = "<group>"; };
		27156F5618B76AF50053A99C /* en */ = {isa = PBXFileReference; lastKnownFileType = text.plist.strings; name = en; path = en.lproj/InfoPlist.strings; sourceTree = "<group>"; };
		27156F5818B76AF50053A99C /* main.m */ = {isa = PBXFileReference; lastKnownFileType = sourcecode.c.objc; path = main.m; sourceTree = "<group>"; };
		27156F5A18B76AF50053A99C /* Navigation-Prefix.pch */ = {isa = PBXFileReference; lastKnownFileType = sourcecode.c.h; path = "Navigation-Prefix.pch"; sourceTree = "<group>"; };
		27156F5E18B76AF50053A99C /* Images.xcassets */ = {isa = PBXFileReference; lastKnownFileType = folder.assetcatalog; path = Images.xcassets; sourceTree = "<group>"; };
		27156F6418B76AF50053A99C /* NavigationTests.xctest */ = {isa = PBXFileReference; explicitFileType = wrapper.cfbundle; includeInIndex = 0; path = NavigationTests.xctest; sourceTree = BUILT_PRODUCTS_DIR; };
		27156F6518B76AF50053A99C /* XCTest.framework */ = {isa = PBXFileReference; lastKnownFileType = wrapper.framework; name = XCTest.framework; path = Library/Frameworks/XCTest.framework; sourceTree = DEVELOPER_DIR; };
		27156F6D18B76AF50053A99C /* NavigationTests-Info.plist */ = {isa = PBXFileReference; lastKnownFileType = text.plist.xml; path = "NavigationTests-Info.plist"; sourceTree = "<group>"; };
		27156F6F18B76AF50053A99C /* en */ = {isa = PBXFileReference; lastKnownFileType = text.plist.strings; name = en; path = en.lproj/InfoPlist.strings; sourceTree = "<group>"; };
		27156F7118B76AF50053A99C /* NavigationTests.m */ = {isa = PBXFileReference; lastKnownFileType = sourcecode.c.objc; path = NavigationTests.m; sourceTree = "<group>"; };
/* End PBXFileReference section */

/* Begin PBXFrameworksBuildPhase section */
		27156F4618B76AF50053A99C /* Frameworks */ = {
			isa = PBXFrameworksBuildPhase;
			buildActionMask = 2147483647;
			files = (
				27156F4F18B76AF50053A99C /* CoreGraphics.framework in Frameworks */,
				27156F5118B76AF50053A99C /* UIKit.framework in Frameworks */,
				27156F4D18B76AF50053A99C /* Foundation.framework in Frameworks */,
			);
			runOnlyForDeploymentPostprocessing = 0;
		};
		27156F6118B76AF50053A99C /* Frameworks */ = {
			isa = PBXFrameworksBuildPhase;
			buildActionMask = 2147483647;
			files = (
				27156F6618B76AF50053A99C /* XCTest.framework in Frameworks */,
				27156F6818B76AF50053A99C /* UIKit.framework in Frameworks */,
				27156F6718B76AF50053A99C /* Foundation.framework in Frameworks */,
			);
			runOnlyForDeploymentPostprocessing = 0;
		};
/* End PBXFrameworksBuildPhase section */

/* Begin PBXGroup section */
		27156F4018B76AF50053A99C = {
			isa = PBXGroup;
			children = (
				27156F5218B76AF50053A99C /* Navigation */,
				27156F6B18B76AF50053A99C /* NavigationTests */,
				27156F4B18B76AF50053A99C /* Frameworks */,
				27156F4A18B76AF50053A99C /* Products */,
			);
			sourceTree = "<group>";
		};
		27156F4A18B76AF50053A99C /* Products */ = {
			isa = PBXGroup;
			children = (
				27156F4918B76AF50053A99C /* Navigation.app */,
				27156F6418B76AF50053A99C /* NavigationTests.xctest */,
			);
			name = Products;
			sourceTree = "<group>";
		};
		27156F4B18B76AF50053A99C /* Frameworks */ = {
			isa = PBXGroup;
			children = (
				27156F4C18B76AF50053A99C /* Foundation.framework */,
				27156F4E18B76AF50053A99C /* CoreGraphics.framework */,
				27156F5018B76AF50053A99C /* UIKit.framework */,
				27156F6518B76AF50053A99C /* XCTest.framework */,
			);
			name = Frameworks;
			sourceTree = "<group>";
		};
		27156F5218B76AF50053A99C /* Navigation */ = {
			isa = PBXGroup;
			children = (
				024B15D018C104C50093BC09 /* VBAAppDelegate.h */,
				024B15D118C104C50093BC09 /* VBAAppDelegate.m */,
				024B15D218C104C50093BC09 /* VBALetraViewController.h */,
				024B15D318C104C50093BC09 /* VBALetraViewController.m */,
				024B15D418C104C50093BC09 /* VBAPalavrasStore.h */,
				024B15D518C104C50093BC09 /* VBAPalavrasStore.m */,
				024B15A018C104370093BC09 /* doge.jpg */,
				024B15A118C104370093BC09 /* escola.gif */,
				024B15A218C104370093BC09 /* fogueira.png */,
				024B15A318C104370093BC09 /* gato.gif */,
				024B15A418C104370093BC09 /* hotel.jpg */,
				024B15A518C104370093BC09 /* indio.jpg */,
				024B15A618C104370093BC09 /* jacare.gif */,
				024B15A718C104370093BC09 /* kiwi.jpg */,
				024B15A818C104370093BC09 /* laranja.jpg */,
				024B15A918C104370093BC09 /* letra.xib */,
				024B15AA18C104370093BC09 /* melancia.jpg */,
				024B15AB18C104370093BC09 /* navio.jpg */,
				024B15AC18C104370093BC09 /* ovo.jpg */,
				024B15AD18C104370093BC09 /* peixe.jpg */,
				024B15AE18C104370093BC09 /* queijo.jpg */,
				024B15AF18C104370093BC09 /* rato.jpg */,
				024B15B018C104370093BC09 /* salada.jpg */,
				024B15B118C104370093BC09 /* tucano.jpg */,
				024B15B218C104370093BC09 /* uva.jpg */,
				024B15B318C104370093BC09 /* vaca.jpg */,
				024B15B418C104370093BC09 /* waltdisney.jpg */,
				024B15B518C104370093BC09 /* xarope.jpg */,
				024B15B618C104370093BC09 /* yoyo.gif */,
				024B15B718C104370093BC09 /* zebra.gif */,
				024B159A18C104130093BC09 /* abelha.jpg */,
				024B159B18C104130093BC09 /* banana.jpg */,
				024B159C18C104130093BC09 /* dado.gif */,
				27156F5E18B76AF50053A99C /* Images.xcassets */,
				27156F5318B76AF50053A99C /* Supporting Files */,
			);
			path = Navigation;
			sourceTree = "<group>";
		};
		27156F5318B76AF50053A99C /* Supporting Files */ = {
			isa = PBXGroup;
			children = (
				27156F5418B76AF50053A99C /* Navigation-Info.plist */,
				27156F5518B76AF50053A99C /* InfoPlist.strings */,
				27156F5818B76AF50053A99C /* main.m */,
				27156F5A18B76AF50053A99C /* Navigation-Prefix.pch */,
			);
			name = "Supporting Files";
			sourceTree = "<group>";
		};
		27156F6B18B76AF50053A99C /* NavigationTests */ = {
			isa = PBXGroup;
			children = (
				27156F7118B76AF50053A99C /* NavigationTests.m */,
				27156F6C18B76AF50053A99C /* Supporting Files */,
			);
			path = NavigationTests;
			sourceTree = "<group>";
		};
		27156F6C18B76AF50053A99C /* Supporting Files */ = {
			isa = PBXGroup;
			children = (
				27156F6D18B76AF50053A99C /* NavigationTests-Info.plist */,
				27156F6E18B76AF50053A99C /* InfoPlist.strings */,
			);
			name = "Supporting Files";
			sourceTree = "<group>";
		};
/* End PBXGroup section */

/* Begin PBXNativeTarget section */
		27156F4818B76AF50053A99C /* Navigation */ = {
			isa = PBXNativeTarget;
			buildConfigurationList = 27156F7518B76AF50053A99C /* Build configuration list for PBXNativeTarget "Navigation" */;
			buildPhases = (
				27156F4518B76AF50053A99C /* Sources */,
				27156F4618B76AF50053A99C /* Frameworks */,
				27156F4718B76AF50053A99C /* Resources */,
			);
			buildRules = (
			);
			dependencies = (
			);
			name = Navigation;
			productName = Navigation;
			productReference = 27156F4918B76AF50053A99C /* Navigation.app */;
			productType = "com.apple.product-type.application";
		};
		27156F6318B76AF50053A99C /* NavigationTests */ = {
			isa = PBXNativeTarget;
			buildConfigurationList = 27156F7818B76AF50053A99C /* Build configuration list for PBXNativeTarget "NavigationTests" */;
			buildPhases = (
				27156F6018B76AF50053A99C /* Sources */,
				27156F6118B76AF50053A99C /* Frameworks */,
				27156F6218B76AF50053A99C /* Resources */,
			);
			buildRules = (
			);
			dependencies = (
				27156F6A18B76AF50053A99C /* PBXTargetDependency */,
			);
			name = NavigationTests;
			productName = NavigationTests;
			productReference = 27156F6418B76AF50053A99C /* NavigationTests.xctest */;
			productType = "com.apple.product-type.bundle.unit-test";
		};
/* End PBXNativeTarget section */

/* Begin PBXProject section */
		27156F4118B76AF50053A99C /* Project object */ = {
			isa = PBXProject;
			attributes = {
				CLASSPREFIX = Mackenzie;
				LastUpgradeCheck = 0500;
				ORGANIZATIONNAME = "Vinicius Miana";
				TargetAttributes = {
					27156F6318B76AF50053A99C = {
						TestTargetID = 27156F4818B76AF50053A99C;
					};
				};
			};
			buildConfigurationList = 27156F4418B76AF50053A99C /* Build configuration list for PBXProject "Navigation" */;
			compatibilityVersion = "Xcode 3.2";
			developmentRegion = English;
			hasScannedForEncodings = 0;
			knownRegions = (
				en,
			);
			mainGroup = 27156F4018B76AF50053A99C;
			productRefGroup = 27156F4A18B76AF50053A99C /* Products */;
			projectDirPath = "";
			projectRoot = "";
			targets = (
				27156F4818B76AF50053A99C /* Navigation */,
				27156F6318B76AF50053A99C /* NavigationTests */,
			);
		};
/* End PBXProject section */

/* Begin PBXResourcesBuildPhase section */
		27156F4718B76AF50053A99C /* Resources */ = {
			isa = PBXResourcesBuildPhase;
			buildActionMask = 2147483647;
			files = (
				27156F5718B76AF50053A99C /* InfoPlist.strings in Resources */,
				024B15CB18C104370093BC09 /* vaca.jpg in Resources */,
				024B15BA18C104370093BC09 /* fogueira.png in Resources */,
				27156F5F18B76AF50053A99C /* Images.xcassets in Resources */,
				024B159F18C104130093BC09 /* dado.gif in Resources */,
				024B15BE18C104370093BC09 /* jacare.gif in Resources */,
				024B15C218C104370093BC09 /* melancia.jpg in Resources */,
				024B15CC18C104370093BC09 /* waltdisney.jpg in Resources */,
				024B15C418C104370093BC09 /* ovo.jpg in Resources */,
				024B159E18C104130093BC09 /* banana.jpg in Resources */,
				024B15C318C104370093BC09 /* navio.jpg in Resources */,
				024B15B818C104370093BC09 /* doge.jpg in Resources */,
				024B15CD18C104370093BC09 /* xarope.jpg in Resources */,
				024B15C918C104370093BC09 /* tucano.jpg in Resources */,
				024B159D18C104130093BC09 /* abelha.jpg in Resources */,
				024B15BB18C104370093BC09 /* gato.gif in Resources */,
				024B15CE18C104370093BC09 /* yoyo.gif in Resources */,
				024B15C018C104370093BC09 /* laranja.jpg in Resources */,
				024B15C518C104370093BC09 /* peixe.jpg in Resources */,
				024B15BF18C104370093BC09 /* kiwi.jpg in Resources */,
				024B15BC18C104370093BC09 /* hotel.jpg in Resources */,
				024B15C718C104370093BC09 /* rato.jpg in Resources */,
				024B15CA18C104370093BC09 /* uva.jpg in Resources */,
				024B15BD18C104370093BC09 /* indio.jpg in Resources */,
				024B15B918C104370093BC09 /* escola.gif in Resources */,
				024B15C818C104370093BC09 /* salada.jpg in Resources */,
				024B15C618C104370093BC09 /* queijo.jpg in Resources */,
				024B15CF18C104370093BC09 /* zebra.gif in Resources */,
				024B15C118C104370093BC09 /* letra.xib in Resources */,
			);
			runOnlyForDeploymentPostprocessing = 0;
		};
		27156F6218B76AF50053A99C /* Resources */ = {
			isa = PBXResourcesBuildPhase;
			buildActionMask = 2147483647;
			files = (
				27156F7018B76AF50053A99C /* InfoPlist.strings in Resources */,
			);
			runOnlyForDeploymentPostprocessing = 0;
		};
/* End PBXResourcesBuildPhase section */

/* Begin PBXSourcesBuildPhase section */
		27156F4518B76AF50053A99C /* Sources */ = {
			isa = PBXSourcesBuildPhase;
			buildActionMask = 2147483647;
			files = (
				024B15D818C104C50093BC09 /* VBAPalavrasStore.m in Sources */,
				024B15D618C104C50093BC09 /* VBAAppDelegate.m in Sources */,
				27156F5918B76AF50053A99C /* main.m in Sources */,
				024B15D718C104C50093BC09 /* VBALetraViewController.m in Sources */,
			);
			runOnlyForDeploymentPostprocessing = 0;
		};
		27156F6018B76AF50053A99C /* Sources */ = {
			isa = PBXSourcesBuildPhase;
			buildActionMask = 2147483647;
			files = (
				27156F7218B76AF50053A99C /* NavigationTests.m in Sources */,
			);
			runOnlyForDeploymentPostprocessing = 0;
		};
/* End PBXSourcesBuildPhase section */

/* Begin PBXTargetDependency section */
		27156F6A18B76AF50053A99C /* PBXTargetDependency */ = {
			isa = PBXTargetDependency;
			target = 27156F4818B76AF50053A99C /* Navigation */;
			targetProxy = 27156F6918B76AF50053A99C /* PBXContainerItemProxy */;
		};
/* End PBXTargetDependency section */

/* Begin PBXVariantGroup section */
		27156F5518B76AF50053A99C /* InfoPlist.strings */ = {
			isa = PBXVariantGroup;
			children = (
				27156F5618B76AF50053A99C /* en */,
			);
			name = InfoPlist.strings;
			sourceTree = "<group>";
		};
		27156F6E18B76AF50053A99C /* InfoPlist.strings */ = {
			isa = PBXVariantGroup;
			children = (
				27156F6F18B76AF50053A99C /* en */,
			);
			name = InfoPlist.strings;
			sourceTree = "<group>";
		};
/* End PBXVariantGroup section */

/* Begin XCBuildConfiguration section */
		27156F7318B76AF50053A99C /* Debug */ = {
			isa = XCBuildConfiguration;
			buildSettings = {
				ALWAYS_SEARCH_USER_PATHS = NO;
				ARCHS = "$(ARCHS_STANDARD_INCLUDING_64_BIT)";
				CLANG_CXX_LANGUAGE_STANDARD = "gnu++0x";
				CLANG_CXX_LIBRARY = "libc++";
				CLANG_ENABLE_MODULES = YES;
				CLANG_ENABLE_OBJC_ARC = YES;
				CLANG_WARN_BOOL_CONVERSION = YES;
				CLANG_WARN_CONSTANT_CONVERSION = YES;
				CLANG_WARN_DIRECT_OBJC_ISA_USAGE = YES_ERROR;
				CLANG_WARN_EMPTY_BODY = YES;
				CLANG_WARN_ENUM_CONVERSION = YES;
				CLANG_WARN_INT_CONVERSION = YES;
				CLANG_WARN_OBJC_ROOT_CLASS = YES_ERROR;
				CLANG_WARN__DUPLICATE_METHOD_MATCH = YES;
				"CODE_SIGN_IDENTITY[sdk=iphoneos*]" = "iPhone Developer";
				COPY_PHASE_STRIP = NO;
				GCC_C_LANGUAGE_STANDARD = gnu99;
				GCC_DYNAMIC_NO_PIC = NO;
				GCC_OPTIMIZATION_LEVEL = 0;
				GCC_PREPROCESSOR_DEFINITIONS = (
					"DEBUG=1",
					"$(inherited)",
				);
				GCC_SYMBOLS_PRIVATE_EXTERN = NO;
				GCC_WARN_64_TO_32_BIT_CONVERSION = YES;
				GCC_WARN_ABOUT_RETURN_TYPE = YES_ERROR;
				GCC_WARN_UNDECLARED_SELECTOR = YES;
				GCC_WARN_UNINITIALIZED_AUTOS = YES;
				GCC_WARN_UNUSED_FUNCTION = YES;
				GCC_WARN_UNUSED_VARIABLE = YES;
				IPHONEOS_DEPLOYMENT_TARGET = 7.0;
				ONLY_ACTIVE_ARCH = YES;
				SDKROOT = iphoneos;
			};
			name = Debug;
		};
		27156F7418B76AF50053A99C /* Release */ = {
			isa = XCBuildConfiguration;
			buildSettings = {
				ALWAYS_SEARCH_USER_PATHS = NO;
				ARCHS = "$(ARCHS_STANDARD_INCLUDING_64_BIT)";
				CLANG_CXX_LANGUAGE_STANDARD = "gnu++0x";
				CLANG_CXX_LIBRARY = "libc++";
				CLANG_ENABLE_MODULES = YES;
				CLANG_ENABLE_OBJC_ARC = YES;
				CLANG_WARN_BOOL_CONVERSION = YES;
				CLANG_WARN_CONSTANT_CONVERSION = YES;
				CLANG_WARN_DIRECT_OBJC_ISA_USAGE = YES_ERROR;
				CLANG_WARN_EMPTY_BODY = YES;
				CLANG_WARN_ENUM_CONVERSION = YES;
				CLANG_WARN_INT_CONVERSION = YES;
				CLANG_WARN_OBJC_ROOT_CLASS = YES_ERROR;
				CLANG_WARN__DUPLICATE_METHOD_MATCH = YES;
				"CODE_SIGN_IDENTITY[sdk=iphoneos*]" = "iPhone Developer";
				COPY_PHASE_STRIP = YES;
				ENABLE_NS_ASSERTIONS = NO;
				GCC_C_LANGUAGE_STANDARD = gnu99;
				GCC_WARN_64_TO_32_BIT_CONVERSION = YES;
				GCC_WARN_ABOUT_RETURN_TYPE = YES_ERROR;
				GCC_WARN_UNDECLARED_SELECTOR = YES;
				GCC_WARN_UNINITIALIZED_AUTOS = YES;
				GCC_WARN_UNUSED_FUNCTION = YES;
				GCC_WARN_UNUSED_VARIABLE = YES;
				IPHONEOS_DEPLOYMENT_TARGET = 7.0;
				SDKROOT = iphoneos;
				VALIDATE_PRODUCT = YES;
			};
			name = Release;
		};
		27156F7618B76AF50053A99C /* Debug */ = {
			isa = XCBuildConfiguration;
			buildSettings = {
				ASSETCATALOG_COMPILER_APPICON_NAME = AppIcon;
				ASSETCATALOG_COMPILER_LAUNCHIMAGE_NAME = LaunchImage;
				GCC_PRECOMPILE_PREFIX_HEADER = YES;
				GCC_PREFIX_HEADER = "Navigation/Navigation-Prefix.pch";
				INFOPLIST_FILE = "Navigation/Navigation-Info.plist";
				PRODUCT_NAME = "$(TARGET_NAME)";
				WRAPPER_EXTENSION = app;
			};
			name = Debug;
		};
		27156F7718B76AF50053A99C /* Release */ = {
			isa = XCBuildConfiguration;
			buildSettings = {
				ASSETCATALOG_COMPILER_APPICON_NAME = AppIcon;
				ASSETCATALOG_COMPILER_LAUNCHIMAGE_NAME = LaunchImage;
				GCC_PRECOMPILE_PREFIX_HEADER = YES;
				GCC_PREFIX_HEADER = "Navigation/Navigation-Prefix.pch";
				INFOPLIST_FILE = "Navigation/Navigation-Info.plist";
				PRODUCT_NAME = "$(TARGET_NAME)";
				WRAPPER_EXTENSION = app;
			};
			name = Release;
		};
		27156F7918B76AF50053A99C /* Debug */ = {
			isa = XCBuildConfiguration;
			buildSettings = {
				ARCHS = "$(ARCHS_STANDARD_INCLUDING_64_BIT)";
				BUNDLE_LOADER = "$(BUILT_PRODUCTS_DIR)/Navigation.app/Navigation";
				FRAMEWORK_SEARCH_PATHS = (
					"$(SDKROOT)/Developer/Library/Frameworks",
					"$(inherited)",
					"$(DEVELOPER_FRAMEWORKS_DIR)",
				);
				GCC_PRECOMPILE_PREFIX_HEADER = YES;
				GCC_PREFIX_HEADER = "Navigation/Navigation-Prefix.pch";
				GCC_PREPROCESSOR_DEFINITIONS = (
					"DEBUG=1",
					"$(inherited)",
				);
				INFOPLIST_FILE = "NavigationTests/NavigationTests-Info.plist";
				PRODUCT_NAME = "$(TARGET_NAME)";
				TEST_HOST = "$(BUNDLE_LOADER)";
				WRAPPER_EXTENSION = xctest;
			};
			name = Debug;
		};
		27156F7A18B76AF50053A99C /* Release */ = {
			isa = XCBuildConfiguration;
			buildSettings = {
				ARCHS = "$(ARCHS_STANDARD_INCLUDING_64_BIT)";
				BUNDLE_LOADER = "$(BUILT_PRODUCTS_DIR)/Navigation.app/Navigation";
				FRAMEWORK_SEARCH_PATHS = (
					"$(SDKROOT)/Developer/Library/Frameworks",
					"$(inherited)",
					"$(DEVELOPER_FRAMEWORKS_DIR)",
				);
				GCC_PRECOMPILE_PREFIX_HEADER = YES;
				GCC_PREFIX_HEADER = "Navigation/Navigation-Prefix.pch";
				INFOPLIST_FILE = "NavigationTests/NavigationTests-Info.plist";
				PRODUCT_NAME = "$(TARGET_NAME)";
				TEST_HOST = "$(BUNDLE_LOADER)";
				WRAPPER_EXTENSION = xctest;
			};
			name = Release;
		};
/* End XCBuildConfiguration section */

/* Begin XCConfigurationList section */
		27156F4418B76AF50053A99C /* Build configuration list for PBXProject "Navigation" */ = {
			isa = XCConfigurationList;
			buildConfigurations = (
				27156F7318B76AF50053A99C /* Debug */,
				27156F7418B76AF50053A99C /* Release */,
			);
			defaultConfigurationIsVisible = 0;
			defaultConfigurationName = Release;
		};
		27156F7518B76AF50053A99C /* Build configuration list for PBXNativeTarget "Navigation" */ = {
			isa = XCConfigurationList;
			buildConfigurations = (
				27156F7618B76AF50053A99C /* Debug */,
				27156F7718B76AF50053A99C /* Release */,
			);
			defaultConfigurationIsVisible = 0;
			defaultConfigurationName = Release;
		};
		27156F7818B76AF50053A99C /* Build configuration list for PBXNativeTarget "NavigationTests" */ = {
			isa = XCConfigurationList;
			buildConfigurations = (
				27156F7918B76AF50053A99C /* Debug */,
				27156F7A18B76AF50053A99C /* Release */,
			);
			defaultConfigurationIsVisible = 0;
			defaultConfigurationName = Release;
		};
/* End XCConfigurationList section */
	};
	rootObject = 27156F4118B76AF50053A99C /* Project object */;
}
