// !$*UTF8*$!
{
	archiveVersion = 1;
	classes = {
	};
	objectVersion = 46;
	objects = {

/* Begin PBXBuildFile section */
		27156F4D18B76AF50053A99C /* Foundation.framework in Frameworks */ = {isa = PBXBuildFile; fileRef = 27156F4C18B76AF50053A99C /* Foundation.framework */; };
		27156F4F18B76AF50053A99C /* CoreGraphics.framework in Frameworks */ = {isa = PBXBuildFile; fileRef = 27156F4E18B76AF50053A99C /* CoreGraphics.framework */; };
		27156F5118B76AF50053A99C /* UIKit.framework in Frameworks */ = {isa = PBXBuildFile; fileRef = 27156F5018B76AF50053A99C /* UIKit.framework */; };
		27156F5718B76AF50053A99C /* InfoPlist.strings in Resources */ = {isa = PBXBuildFile; fileRef = 27156F5518B76AF50053A99C /* InfoPlist.strings */; };
		27156F5918B76AF50053A99C /* main.m in Sources */ = {isa = PBXBuildFile; fileRef = 27156F5818B76AF50053A99C /* main.m */; };
		27156F5D18B76AF50053A99C /* MackenzieAppDelegate.m in Sources */ = {isa = PBXBuildFile; fileRef = 27156F5C18B76AF50053A99C /* MackenzieAppDelegate.m */; };
		27156F5F18B76AF50053A99C /* Images.xcassets in Resources */ = {isa = PBXBuildFile; fileRef = 27156F5E18B76AF50053A99C /* Images.xcassets */; };
		27156F6618B76AF50053A99C /* XCTest.framework in Frameworks */ = {isa = PBXBuildFile; fileRef = 27156F6518B76AF50053A99C /* XCTest.framework */; };
		27156F6718B76AF50053A99C /* Foundation.framework in Frameworks */ = {isa = PBXBuildFile; fileRef = 27156F4C18B76AF50053A99C /* Foundation.framework */; };
		27156F6818B76AF50053A99C /* UIKit.framework in Frameworks */ = {isa = PBXBuildFile; fileRef = 27156F5018B76AF50053A99C /* UIKit.framework */; };
		27156F7018B76AF50053A99C /* InfoPlist.strings in Resources */ = {isa = PBXBuildFile; fileRef = 27156F6E18B76AF50053A99C /* InfoPlist.strings */; };
		27156F7218B76AF50053A99C /* NavigationTests.m in Sources */ = {isa = PBXBuildFile; fileRef = 27156F7118B76AF50053A99C /* NavigationTests.m */; };
		6747C95518BE7411009B7861 /* Letra_View.xib in Resources */ = {isa = PBXBuildFile; fileRef = 6747C95418BE7411009B7861 /* Letra_View.xib */; };
		676C57C418BD13D900925DC2 /* LetraViewController.m in Sources */ = {isa = PBXBuildFile; fileRef = 676C57C318BD13D900925DC2 /* LetraViewController.m */; };
		676C57C718BD14D800925DC2 /* Dicionario.m in Sources */ = {isa = PBXBuildFile; fileRef = 676C57C618BD14D800925DC2 /* Dicionario.m */; };
		6797FAEA18BFAD07007170D7 /* Abelha.png in Resources */ = {isa = PBXBuildFile; fileRef = 6797FAE918BFAD07007170D7 /* Abelha.png */; };
		6797FAF318BFADBF007170D7 /* Bola.png in Resources */ = {isa = PBXBuildFile; fileRef = 6797FAEB18BFADBF007170D7 /* Bola.png */; };
		6797FAF418BFADBF007170D7 /* Dado.png in Resources */ = {isa = PBXBuildFile; fileRef = 6797FAEC18BFADBF007170D7 /* Dado.png */; };
		6797FAF518BFADBF007170D7 /* Gato.png in Resources */ = {isa = PBXBuildFile; fileRef = 6797FAED18BFADBF007170D7 /* Gato.png */; };
		6797FAF718BFADBF007170D7 /* Miley.png in Resources */ = {isa = PBXBuildFile; fileRef = 6797FAEF18BFADBF007170D7 /* Miley.png */; };
		6797FAF818BFADBF007170D7 /* Navio.png in Resources */ = {isa = PBXBuildFile; fileRef = 6797FAF018BFADBF007170D7 /* Navio.png */; };
		6797FAF918BFADBF007170D7 /* Pastel de Flango.png in Resources */ = {isa = PBXBuildFile; fileRef = 6797FAF118BFADBF007170D7 /* Pastel de Flango.png */; };
		6797FAFA18BFADBF007170D7 /* Queijo.png in Resources */ = {isa = PBXBuildFile; fileRef = 6797FAF218BFADBF007170D7 /* Queijo.png */; };
		6797FAFC18BFAEA0007170D7 /* IPVA.png in Resources */ = {isa = PBXBuildFile; fileRef = 6797FAFB18BFAEA0007170D7 /* IPVA.png */; };
		6797FAFE18BFAEE0007170D7 /* Limão.png in Resources */ = {isa = PBXBuildFile; fileRef = 6797FAFD18BFAEE0007170D7 /* Limão.png */; };
		6797FB0018BFB08F007170D7 /* elefante.png in Resources */ = {isa = PBXBuildFile; fileRef = 6797FAFF18BFB08F007170D7 /* elefante.png */; };
		6797FB0718BFB0CC007170D7 /* Casa.png in Resources */ = {isa = PBXBuildFile; fileRef = 6797FB0118BFB0CC007170D7 /* Casa.png */; };
		6797FB0818BFB0CC007170D7 /* Faca.png in Resources */ = {isa = PBXBuildFile; fileRef = 6797FB0218BFB0CC007170D7 /* Faca.png */; };
		6797FB0918BFB0CC007170D7 /* Hotel.png in Resources */ = {isa = PBXBuildFile; fileRef = 6797FB0318BFB0CC007170D7 /* Hotel.png */; };
		6797FB0A18BFB0CC007170D7 /* Jaca.png in Resources */ = {isa = PBXBuildFile; fileRef = 6797FB0418BFB0CC007170D7 /* Jaca.png */; };
		6797FB0B18BFB0CC007170D7 /* Ovo.png in Resources */ = {isa = PBXBuildFile; fileRef = 6797FB0518BFB0CC007170D7 /* Ovo.png */; };
		6797FB0C18BFB0CC007170D7 /* Pastel de Flango.png in Resources */ = {isa = PBXBuildFile; fileRef = 6797FB0618BFB0CC007170D7 /* Pastel de Flango.png */; };
		6797FB0E18BFB14F007170D7 /* Rato.png in Resources */ = {isa = PBXBuildFile; fileRef = 6797FB0D18BFB14F007170D7 /* Rato.png */; };
		6797FB1018BFB1E0007170D7 /* Sino.png in Resources */ = {isa = PBXBuildFile; fileRef = 6797FB0F18BFB1E0007170D7 /* Sino.png */; };
		6797FB1218BFB247007170D7 /* Tatu.png in Resources */ = {isa = PBXBuildFile; fileRef = 6797FB1118BFB247007170D7 /* Tatu.png */; };
		6797FB1418BFB27F007170D7 /* Uva.png in Resources */ = {isa = PBXBuildFile; fileRef = 6797FB1318BFB27F007170D7 /* Uva.png */; };
		6797FB1618BFB3D2007170D7 /* Vassoura.png in Resources */ = {isa = PBXBuildFile; fileRef = 6797FB1518BFB3D2007170D7 /* Vassoura.png */; };
		6797FB1818BFB426007170D7 /* Xadrez.png in Resources */ = {isa = PBXBuildFile; fileRef = 6797FB1718BFB426007170D7 /* Xadrez.png */; };
		6797FB1A18BFB57C007170D7 /* Zebra.png in Resources */ = {isa = PBXBuildFile; fileRef = 6797FB1918BFB57C007170D7 /* Zebra.png */; };
		6797FB1E18BFB58C007170D7 /* Walter White.png in Resources */ = {isa = PBXBuildFile; fileRef = 6797FB1D18BFB58C007170D7 /* Walter White.png */; };
		6797FB2018BFB629007170D7 /* Yoda.png in Resources */ = {isa = PBXBuildFile; fileRef = 6797FB1F18BFB629007170D7 /* Yoda.png */; };
		6797FB2218BFB68C007170D7 /* Kiwi.png in Resources */ = {isa = PBXBuildFile; fileRef = 6797FB2118BFB68C007170D7 /* Kiwi.png */; };
		6797FB2418BFBC5D007170D7 /* AVFoundation.framework in Frameworks */ = {isa = PBXBuildFile; fileRef = 6797FB2318BFBC5D007170D7 /* AVFoundation.framework */; };
/* End PBXBuildFile section */

/* Begin PBXContainerItemProxy section */
		27156F6918B76AF50053A99C /* PBXContainerItemProxy */ = {
			isa = PBXContainerItemProxy;
			containerPortal = 27156F4118B76AF50053A99C /* Project object */;
			proxyType = 1;
			remoteGlobalIDString = 27156F4818B76AF50053A99C;
			remoteInfo = Navigation;
		};
/* End PBXContainerItemProxy section */

/* Begin PBXFileReference section */
		27156F4918B76AF50053A99C /* Navigation.app */ = {isa = PBXFileReference; explicitFileType = wrapper.application; includeInIndex = 0; path = Navigation.app; sourceTree = BUILT_PRODUCTS_DIR; };
		27156F4C18B76AF50053A99C /* Foundation.framework */ = {isa = PBXFileReference; lastKnownFileType = wrapper.framework; name = Foundation.framework; path = System/Library/Frameworks/Foundation.framework; sourceTree = SDKROOT; };
		27156F4E18B76AF50053A99C /* CoreGraphics.framework */ = {isa = PBXFileReference; lastKnownFileType = wrapper.framework; name = CoreGraphics.framework; path = System/Library/Frameworks/CoreGraphics.framework; sourceTree = SDKROOT; };
		27156F5018B76AF50053A99C /* UIKit.framework */ = {isa = PBXFileReference; lastKnownFileType = wrapper.framework; name = UIKit.framework; path = System/Library/Frameworks/UIKit.framework; sourceTree = SDKROOT; };
		27156F5418B76AF50053A99C /* Navigation-Info.plist */ = {isa = PBXFileReference; lastKnownFileType = text.plist.xml; path = "Navigation-Info.plist"; sourceTree = "<group>"; };
		27156F5618B76AF50053A99C /* en */ = {isa = PBXFileReference; lastKnownFileType = text.plist.strings; name = en; path = en.lproj/InfoPlist.strings; sourceTree = "<group>"; };
		27156F5818B76AF50053A99C /* main.m */ = {isa = PBXFileReference; lastKnownFileType = sourcecode.c.objc; path = main.m; sourceTree = "<group>"; };
		27156F5A18B76AF50053A99C /* Navigation-Prefix.pch */ = {isa = PBXFileReference; lastKnownFileType = sourcecode.c.h; path = "Navigation-Prefix.pch"; sourceTree = "<group>"; };
		27156F5B18B76AF50053A99C /* MackenzieAppDelegate.h */ = {isa = PBXFileReference; lastKnownFileType = sourcecode.c.h; path = MackenzieAppDelegate.h; sourceTree = "<group>"; };
		27156F5C18B76AF50053A99C /* MackenzieAppDelegate.m */ = {isa = PBXFileReference; lastKnownFileType = sourcecode.c.objc; path = MackenzieAppDelegate.m; sourceTree = "<group>"; };
		27156F5E18B76AF50053A99C /* Images.xcassets */ = {isa = PBXFileReference; lastKnownFileType = folder.assetcatalog; path = Images.xcassets; sourceTree = "<group>"; };
		27156F6418B76AF50053A99C /* NavigationTests.xctest */ = {isa = PBXFileReference; explicitFileType = wrapper.cfbundle; includeInIndex = 0; path = NavigationTests.xctest; sourceTree = BUILT_PRODUCTS_DIR; };
		27156F6518B76AF50053A99C /* XCTest.framework */ = {isa = PBXFileReference; lastKnownFileType = wrapper.framework; name = XCTest.framework; path = Library/Frameworks/XCTest.framework; sourceTree = DEVELOPER_DIR; };
		27156F6D18B76AF50053A99C /* NavigationTests-Info.plist */ = {isa = PBXFileReference; lastKnownFileType = text.plist.xml; path = "NavigationTests-Info.plist"; sourceTree = "<group>"; };
		27156F6F18B76AF50053A99C /* en */ = {isa = PBXFileReference; lastKnownFileType = text.plist.strings; name = en; path = en.lproj/InfoPlist.strings; sourceTree = "<group>"; };
		27156F7118B76AF50053A99C /* NavigationTests.m */ = {isa = PBXFileReference; lastKnownFileType = sourcecode.c.objc; path = NavigationTests.m; sourceTree = "<group>"; };
		6747C95418BE7411009B7861 /* Letra_View.xib */ = {isa = PBXFileReference; fileEncoding = 4; lastKnownFileType = file.xib; path = Letra_View.xib; sourceTree = "<group>"; };
		676C57C218BD13D900925DC2 /* LetraViewController.h */ = {isa = PBXFileReference; fileEncoding = 4; lastKnownFileType = sourcecode.c.h; path = LetraViewController.h; sourceTree = "<group>"; };
		676C57C318BD13D900925DC2 /* LetraViewController.m */ = {isa = PBXFileReference; fileEncoding = 4; lastKnownFileType = sourcecode.c.objc; path = LetraViewController.m; sourceTree = "<group>"; };
		676C57C518BD14D800925DC2 /* Dicionario.h */ = {isa = PBXFileReference; fileEncoding = 4; lastKnownFileType = sourcecode.c.h; path = Dicionario.h; sourceTree = "<group>"; };
		676C57C618BD14D800925DC2 /* Dicionario.m */ = {isa = PBXFileReference; fileEncoding = 4; lastKnownFileType = sourcecode.c.objc; path = Dicionario.m; sourceTree = "<group>"; };
		6797FAE918BFAD07007170D7 /* Abelha.png */ = {isa = PBXFileReference; lastKnownFileType = image.png; name = Abelha.png; path = ../Imagens/Abelha.png; sourceTree = "<group>"; };
		6797FAEB18BFADBF007170D7 /* Bola.png */ = {isa = PBXFileReference; lastKnownFileType = image.png; name = Bola.png; path = ../Imagens/Bola.png; sourceTree = "<group>"; };
		6797FAEC18BFADBF007170D7 /* Dado.png */ = {isa = PBXFileReference; lastKnownFileType = image.png; name = Dado.png; path = ../Imagens/Dado.png; sourceTree = "<group>"; };
		6797FAED18BFADBF007170D7 /* Gato.png */ = {isa = PBXFileReference; lastKnownFileType = image.png; name = Gato.png; path = ../Imagens/Gato.png; sourceTree = "<group>"; };
		6797FAEF18BFADBF007170D7 /* Miley.png */ = {isa = PBXFileReference; lastKnownFileType = image.png; name = Miley.png; path = ../Imagens/Miley.png; sourceTree = "<group>"; };
		6797FAF018BFADBF007170D7 /* Navio.png */ = {isa = PBXFileReference; lastKnownFileType = image.png; name = Navio.png; path = ../Imagens/Navio.png; sourceTree = "<group>"; };
		6797FAF118BFADBF007170D7 /* Pastel de Flango.png */ = {isa = PBXFileReference; lastKnownFileType = image.png; name = "Pastel de Flango.png"; path = "../Imagens/Pastel de Flango.png"; sourceTree = "<group>"; };
		6797FAF218BFADBF007170D7 /* Queijo.png */ = {isa = PBXFileReference; lastKnownFileType = image.png; name = Queijo.png; path = ../Imagens/Queijo.png; sourceTree = "<group>"; };
		6797FAFB18BFAEA0007170D7 /* IPVA.png */ = {isa = PBXFileReference; lastKnownFileType = image.png; name = IPVA.png; path = ../Imagens/IPVA.png; sourceTree = "<group>"; };
		6797FAFD18BFAEE0007170D7 /* Limão.png */ = {isa = PBXFileReference; lastKnownFileType = image.png; name = "Limão.png"; path = "../Imagens/Limão.png"; sourceTree = "<group>"; };
		6797FAFF18BFB08F007170D7 /* elefante.png */ = {isa = PBXFileReference; lastKnownFileType = image.png; name = elefante.png; path = ../Imagens/elefante.png; sourceTree = "<group>"; };
		6797FB0118BFB0CC007170D7 /* Casa.png */ = {isa = PBXFileReference; lastKnownFileType = image.png; name = Casa.png; path = ../Imagens/Casa.png; sourceTree = "<group>"; };
		6797FB0218BFB0CC007170D7 /* Faca.png */ = {isa = PBXFileReference; lastKnownFileType = image.png; name = Faca.png; path = ../Imagens/Faca.png; sourceTree = "<group>"; };
		6797FB0318BFB0CC007170D7 /* Hotel.png */ = {isa = PBXFileReference; lastKnownFileType = image.png; name = Hotel.png; path = ../Imagens/Hotel.png; sourceTree = "<group>"; };
		6797FB0418BFB0CC007170D7 /* Jaca.png */ = {isa = PBXFileReference; lastKnownFileType = image.png; name = Jaca.png; path = ../Imagens/Jaca.png; sourceTree = "<group>"; };
		6797FB0518BFB0CC007170D7 /* Ovo.png */ = {isa = PBXFileReference; lastKnownFileType = image.png; name = Ovo.png; path = ../Imagens/Ovo.png; sourceTree = "<group>"; };
		6797FB0618BFB0CC007170D7 /* Pastel de Flango.png */ = {isa = PBXFileReference; lastKnownFileType = image.png; name = "Pastel de Flango.png"; path = "../Imagens/Pastel de Flango.png"; sourceTree = "<group>"; };
		6797FB0D18BFB14F007170D7 /* Rato.png */ = {isa = PBXFileReference; lastKnownFileType = image.png; name = Rato.png; path = ../Imagens/Rato.png; sourceTree = "<group>"; };
		6797FB0F18BFB1E0007170D7 /* Sino.png */ = {isa = PBXFileReference; lastKnownFileType = image.png; name = Sino.png; path = ../Imagens/Sino.png; sourceTree = "<group>"; };
		6797FB1118BFB247007170D7 /* Tatu.png */ = {isa = PBXFileReference; lastKnownFileType = image.png; name = Tatu.png; path = ../Imagens/Tatu.png; sourceTree = "<group>"; };
		6797FB1318BFB27F007170D7 /* Uva.png */ = {isa = PBXFileReference; lastKnownFileType = image.png; name = Uva.png; path = ../Imagens/Uva.png; sourceTree = "<group>"; };
		6797FB1518BFB3D2007170D7 /* Vassoura.png */ = {isa = PBXFileReference; lastKnownFileType = image.png; name = Vassoura.png; path = ../Imagens/Vassoura.png; sourceTree = "<group>"; };
		6797FB1718BFB426007170D7 /* Xadrez.png */ = {isa = PBXFileReference; lastKnownFileType = image.png; name = Xadrez.png; path = ../Imagens/Xadrez.png; sourceTree = "<group>"; };
		6797FB1918BFB57C007170D7 /* Zebra.png */ = {isa = PBXFileReference; lastKnownFileType = image.png; name = Zebra.png; path = ../Imagens/Zebra.png; sourceTree = "<group>"; };
		6797FB1D18BFB58C007170D7 /* Walter White.png */ = {isa = PBXFileReference; lastKnownFileType = image.png; name = "Walter White.png"; path = "../Imagens/Walter White.png"; sourceTree = "<group>"; };
		6797FB1F18BFB629007170D7 /* Yoda.png */ = {isa = PBXFileReference; lastKnownFileType = image.png; name = Yoda.png; path = ../Imagens/Yoda.png; sourceTree = "<group>"; };
		6797FB2118BFB68C007170D7 /* Kiwi.png */ = {isa = PBXFileReference; lastKnownFileType = image.png; name = Kiwi.png; path = ../Imagens/Kiwi.png; sourceTree = "<group>"; };
		6797FB2318BFBC5D007170D7 /* AVFoundation.framework */ = {isa = PBXFileReference; lastKnownFileType = wrapper.framework; name = AVFoundation.framework; path = System/Library/Frameworks/AVFoundation.framework; sourceTree = SDKROOT; };
/* End PBXFileReference section */

/* Begin PBXFrameworksBuildPhase section */
		27156F4618B76AF50053A99C /* Frameworks */ = {
			isa = PBXFrameworksBuildPhase;
			buildActionMask = 2147483647;
			files = (
				6797FB2418BFBC5D007170D7 /* AVFoundation.framework in Frameworks */,
				27156F4F18B76AF50053A99C /* CoreGraphics.framework in Frameworks */,
				27156F5118B76AF50053A99C /* UIKit.framework in Frameworks */,
				27156F4D18B76AF50053A99C /* Foundation.framework in Frameworks */,
			);
			runOnlyForDeploymentPostprocessing = 0;
		};
		27156F6118B76AF50053A99C /* Frameworks */ = {
			isa = PBXFrameworksBuildPhase;
			buildActionMask = 2147483647;
			files = (
				27156F6618B76AF50053A99C /* XCTest.framework in Frameworks */,
				27156F6818B76AF50053A99C /* UIKit.framework in Frameworks */,
				27156F6718B76AF50053A99C /* Foundation.framework in Frameworks */,
			);
			runOnlyForDeploymentPostprocessing = 0;
		};
/* End PBXFrameworksBuildPhase section */

/* Begin PBXGroup section */
		27156F4018B76AF50053A99C = {
			isa = PBXGroup;
			children = (
				6797FB2118BFB68C007170D7 /* Kiwi.png */,
				6797FB1F18BFB629007170D7 /* Yoda.png */,
				6797FB1D18BFB58C007170D7 /* Walter White.png */,
				6797FB1918BFB57C007170D7 /* Zebra.png */,
				6797FB1718BFB426007170D7 /* Xadrez.png */,
				6797FB1518BFB3D2007170D7 /* Vassoura.png */,
				6797FB1318BFB27F007170D7 /* Uva.png */,
				6797FB1118BFB247007170D7 /* Tatu.png */,
				6797FB0F18BFB1E0007170D7 /* Sino.png */,
				6797FB0D18BFB14F007170D7 /* Rato.png */,
				6797FB0118BFB0CC007170D7 /* Casa.png */,
				6797FB0218BFB0CC007170D7 /* Faca.png */,
				6797FB0318BFB0CC007170D7 /* Hotel.png */,
				6797FB0418BFB0CC007170D7 /* Jaca.png */,
				6797FB0518BFB0CC007170D7 /* Ovo.png */,
				6797FB0618BFB0CC007170D7 /* Pastel de Flango.png */,
				6797FAFF18BFB08F007170D7 /* elefante.png */,
				6797FAFD18BFAEE0007170D7 /* Limão.png */,
				6797FAFB18BFAEA0007170D7 /* IPVA.png */,
				6797FAEB18BFADBF007170D7 /* Bola.png */,
				6797FAEC18BFADBF007170D7 /* Dado.png */,
				6797FAED18BFADBF007170D7 /* Gato.png */,
				6797FAEF18BFADBF007170D7 /* Miley.png */,
				6797FAF018BFADBF007170D7 /* Navio.png */,
				6797FAF118BFADBF007170D7 /* Pastel de Flango.png */,
				6797FAF218BFADBF007170D7 /* Queijo.png */,
				6797FAE918BFAD07007170D7 /* Abelha.png */,
				27156F5218B76AF50053A99C /* Navigation */,
				27156F6B18B76AF50053A99C /* NavigationTests */,
				27156F4B18B76AF50053A99C /* Frameworks */,
				27156F4A18B76AF50053A99C /* Products */,
			);
			sourceTree = "<group>";
		};
		27156F4A18B76AF50053A99C /* Products */ = {
			isa = PBXGroup;
			children = (
				27156F4918B76AF50053A99C /* Navigation.app */,
				27156F6418B76AF50053A99C /* NavigationTests.xctest */,
			);
			name = Products;
			sourceTree = "<group>";
		};
		27156F4B18B76AF50053A99C /* Frameworks */ = {
			isa = PBXGroup;
			children = (
				6797FB2318BFBC5D007170D7 /* AVFoundation.framework */,
				27156F4C18B76AF50053A99C /* Foundation.framework */,
				27156F4E18B76AF50053A99C /* CoreGraphics.framework */,
				27156F5018B76AF50053A99C /* UIKit.framework */,
				27156F6518B76AF50053A99C /* XCTest.framework */,
			);
			name = Frameworks;
			sourceTree = "<group>";
		};
		27156F5218B76AF50053A99C /* Navigation */ = {
			isa = PBXGroup;
			children = (
				27156F5B18B76AF50053A99C /* MackenzieAppDelegate.h */,
				27156F5C18B76AF50053A99C /* MackenzieAppDelegate.m */,
				676C57C218BD13D900925DC2 /* LetraViewController.h */,
				676C57C318BD13D900925DC2 /* LetraViewController.m */,
				6747C95418BE7411009B7861 /* Letra_View.xib */,
				676C57C518BD14D800925DC2 /* Dicionario.h */,
				676C57C618BD14D800925DC2 /* Dicionario.m */,
				27156F5E18B76AF50053A99C /* Images.xcassets */,
				27156F5318B76AF50053A99C /* Supporting Files */,
			);
			path = Navigation;
			sourceTree = "<group>";
		};
		27156F5318B76AF50053A99C /* Supporting Files */ = {
			isa = PBXGroup;
			children = (
				27156F5418B76AF50053A99C /* Navigation-Info.plist */,
				27156F5518B76AF50053A99C /* InfoPlist.strings */,
				27156F5818B76AF50053A99C /* main.m */,
				27156F5A18B76AF50053A99C /* Navigation-Prefix.pch */,
			);
			name = "Supporting Files";
			sourceTree = "<group>";
		};
		27156F6B18B76AF50053A99C /* NavigationTests */ = {
			isa = PBXGroup;
			children = (
				27156F7118B76AF50053A99C /* NavigationTests.m */,
				27156F6C18B76AF50053A99C /* Supporting Files */,
			);
			path = NavigationTests;
			sourceTree = "<group>";
		};
		27156F6C18B76AF50053A99C /* Supporting Files */ = {
			isa = PBXGroup;
			children = (
				27156F6D18B76AF50053A99C /* NavigationTests-Info.plist */,
				27156F6E18B76AF50053A99C /* InfoPlist.strings */,
			);
			name = "Supporting Files";
			sourceTree = "<group>";
		};
/* End PBXGroup section */

/* Begin PBXNativeTarget section */
		27156F4818B76AF50053A99C /* Navigation */ = {
			isa = PBXNativeTarget;
			buildConfigurationList = 27156F7518B76AF50053A99C /* Build configuration list for PBXNativeTarget "Navigation" */;
			buildPhases = (
				27156F4518B76AF50053A99C /* Sources */,
				27156F4618B76AF50053A99C /* Frameworks */,
				27156F4718B76AF50053A99C /* Resources */,
			);
			buildRules = (
			);
			dependencies = (
			);
			name = Navigation;
			productName = Navigation;
			productReference = 27156F4918B76AF50053A99C /* Navigation.app */;
			productType = "com.apple.product-type.application";
		};
		27156F6318B76AF50053A99C /* NavigationTests */ = {
			isa = PBXNativeTarget;
			buildConfigurationList = 27156F7818B76AF50053A99C /* Build configuration list for PBXNativeTarget "NavigationTests" */;
			buildPhases = (
				27156F6018B76AF50053A99C /* Sources */,
				27156F6118B76AF50053A99C /* Frameworks */,
				27156F6218B76AF50053A99C /* Resources */,
			);
			buildRules = (
			);
			dependencies = (
				27156F6A18B76AF50053A99C /* PBXTargetDependency */,
			);
			name = NavigationTests;
			productName = NavigationTests;
			productReference = 27156F6418B76AF50053A99C /* NavigationTests.xctest */;
			productType = "com.apple.product-type.bundle.unit-test";
		};
/* End PBXNativeTarget section */

/* Begin PBXProject section */
		27156F4118B76AF50053A99C /* Project object */ = {
			isa = PBXProject;
			attributes = {
				CLASSPREFIX = Mackenzie;
				LastUpgradeCheck = 0500;
				ORGANIZATIONNAME = "Vinicius Miana";
				TargetAttributes = {
					27156F6318B76AF50053A99C = {
						TestTargetID = 27156F4818B76AF50053A99C;
					};
				};
			};
			buildConfigurationList = 27156F4418B76AF50053A99C /* Build configuration list for PBXProject "Navigation" */;
			compatibilityVersion = "Xcode 3.2";
			developmentRegion = English;
			hasScannedForEncodings = 0;
			knownRegions = (
				en,
			);
			mainGroup = 27156F4018B76AF50053A99C;
			productRefGroup = 27156F4A18B76AF50053A99C /* Products */;
			projectDirPath = "";
			projectRoot = "";
			targets = (
				27156F4818B76AF50053A99C /* Navigation */,
				27156F6318B76AF50053A99C /* NavigationTests */,
			);
		};
/* End PBXProject section */

/* Begin PBXResourcesBuildPhase section */
		27156F4718B76AF50053A99C /* Resources */ = {
			isa = PBXResourcesBuildPhase;
			buildActionMask = 2147483647;
			files = (
				6797FB0A18BFB0CC007170D7 /* Jaca.png in Resources */,
				6797FAF718BFADBF007170D7 /* Miley.png in Resources */,
				6797FB1018BFB1E0007170D7 /* Sino.png in Resources */,
				6797FB1E18BFB58C007170D7 /* Walter White.png in Resources */,
				6797FAF918BFADBF007170D7 /* Pastel de Flango.png in Resources */,
				6797FAFA18BFADBF007170D7 /* Queijo.png in Resources */,
				6797FB1618BFB3D2007170D7 /* Vassoura.png in Resources */,
				6797FB0018BFB08F007170D7 /* elefante.png in Resources */,
				6797FB1818BFB426007170D7 /* Xadrez.png in Resources */,
				6797FAF818BFADBF007170D7 /* Navio.png in Resources */,
				6797FB1218BFB247007170D7 /* Tatu.png in Resources */,
				6797FB0E18BFB14F007170D7 /* Rato.png in Resources */,
				27156F5718B76AF50053A99C /* InfoPlist.strings in Resources */,
				6797FAF518BFADBF007170D7 /* Gato.png in Resources */,
				27156F5F18B76AF50053A99C /* Images.xcassets in Resources */,
				6797FB1A18BFB57C007170D7 /* Zebra.png in Resources */,
				6797FB0918BFB0CC007170D7 /* Hotel.png in Resources */,
				6797FB0818BFB0CC007170D7 /* Faca.png in Resources */,
				6797FAF318BFADBF007170D7 /* Bola.png in Resources */,
				6797FAEA18BFAD07007170D7 /* Abelha.png in Resources */,
				6747C95518BE7411009B7861 /* Letra_View.xib in Resources */,
				6797FAF418BFADBF007170D7 /* Dado.png in Resources */,
				6797FB1418BFB27F007170D7 /* Uva.png in Resources */,
				6797FB2018BFB629007170D7 /* Yoda.png in Resources */,
				6797FB0718BFB0CC007170D7 /* Casa.png in Resources */,
				6797FB0C18BFB0CC007170D7 /* Pastel de Flango.png in Resources */,
				6797FAFE18BFAEE0007170D7 /* Limão.png in Resources */,
				6797FB2218BFB68C007170D7 /* Kiwi.png in Resources */,
				6797FAFC18BFAEA0007170D7 /* IPVA.png in Resources */,
				6797FB0B18BFB0CC007170D7 /* Ovo.png in Resources */,
			);
			runOnlyForDeploymentPostprocessing = 0;
		};
		27156F6218B76AF50053A99C /* Resources */ = {
			isa = PBXResourcesBuildPhase;
			buildActionMask = 2147483647;
			files = (
				27156F7018B76AF50053A99C /* InfoPlist.strings in Resources */,
			);
			runOnlyForDeploymentPostprocessing = 0;
		};
/* End PBXResourcesBuildPhase section */

/* Begin PBXSourcesBuildPhase section */
		27156F4518B76AF50053A99C /* Sources */ = {
			isa = PBXSourcesBuildPhase;
			buildActionMask = 2147483647;
			files = (
				676C57C718BD14D800925DC2 /* Dicionario.m in Sources */,
				27156F5D18B76AF50053A99C /* MackenzieAppDelegate.m in Sources */,
				676C57C418BD13D900925DC2 /* LetraViewController.m in Sources */,
				27156F5918B76AF50053A99C /* main.m in Sources */,
			);
			runOnlyForDeploymentPostprocessing = 0;
		};
		27156F6018B76AF50053A99C /* Sources */ = {
			isa = PBXSourcesBuildPhase;
			buildActionMask = 2147483647;
			files = (
				27156F7218B76AF50053A99C /* NavigationTests.m in Sources */,
			);
			runOnlyForDeploymentPostprocessing = 0;
		};
/* End PBXSourcesBuildPhase section */

/* Begin PBXTargetDependency section */
		27156F6A18B76AF50053A99C /* PBXTargetDependency */ = {
			isa = PBXTargetDependency;
			target = 27156F4818B76AF50053A99C /* Navigation */;
			targetProxy = 27156F6918B76AF50053A99C /* PBXContainerItemProxy */;
		};
/* End PBXTargetDependency section */

/* Begin PBXVariantGroup section */
		27156F5518B76AF50053A99C /* InfoPlist.strings */ = {
			isa = PBXVariantGroup;
			children = (
				27156F5618B76AF50053A99C /* en */,
			);
			name = InfoPlist.strings;
			sourceTree = "<group>";
		};
		27156F6E18B76AF50053A99C /* InfoPlist.strings */ = {
			isa = PBXVariantGroup;
			children = (
				27156F6F18B76AF50053A99C /* en */,
			);
			name = InfoPlist.strings;
			sourceTree = "<group>";
		};
/* End PBXVariantGroup section */

/* Begin XCBuildConfiguration section */
		27156F7318B76AF50053A99C /* Debug */ = {
			isa = XCBuildConfiguration;
			buildSettings = {
				ALWAYS_SEARCH_USER_PATHS = NO;
				ARCHS = "$(ARCHS_STANDARD_INCLUDING_64_BIT)";
				CLANG_CXX_LANGUAGE_STANDARD = "gnu++0x";
				CLANG_CXX_LIBRARY = "libc++";
				CLANG_ENABLE_MODULES = YES;
				CLANG_ENABLE_OBJC_ARC = YES;
				CLANG_WARN_BOOL_CONVERSION = YES;
				CLANG_WARN_CONSTANT_CONVERSION = YES;
				CLANG_WARN_DIRECT_OBJC_ISA_USAGE = YES_ERROR;
				CLANG_WARN_EMPTY_BODY = YES;
				CLANG_WARN_ENUM_CONVERSION = YES;
				CLANG_WARN_INT_CONVERSION = YES;
				CLANG_WARN_OBJC_ROOT_CLASS = YES_ERROR;
				CLANG_WARN__DUPLICATE_METHOD_MATCH = YES;
				"CODE_SIGN_IDENTITY[sdk=iphoneos*]" = "iPhone Developer";
				COPY_PHASE_STRIP = NO;
				GCC_C_LANGUAGE_STANDARD = gnu99;
				GCC_DYNAMIC_NO_PIC = NO;
				GCC_OPTIMIZATION_LEVEL = 0;
				GCC_PREPROCESSOR_DEFINITIONS = (
					"DEBUG=1",
					"$(inherited)",
				);
				GCC_SYMBOLS_PRIVATE_EXTERN = NO;
				GCC_WARN_64_TO_32_BIT_CONVERSION = YES;
				GCC_WARN_ABOUT_RETURN_TYPE = YES_ERROR;
				GCC_WARN_UNDECLARED_SELECTOR = YES;
				GCC_WARN_UNINITIALIZED_AUTOS = YES;
				GCC_WARN_UNUSED_FUNCTION = YES;
				GCC_WARN_UNUSED_VARIABLE = YES;
				IPHONEOS_DEPLOYMENT_TARGET = 7.0;
				ONLY_ACTIVE_ARCH = YES;
				SDKROOT = iphoneos;
			};
			name = Debug;
		};
		27156F7418B76AF50053A99C /* Release */ = {
			isa = XCBuildConfiguration;
			buildSettings = {
				ALWAYS_SEARCH_USER_PATHS = NO;
				ARCHS = "$(ARCHS_STANDARD_INCLUDING_64_BIT)";
				CLANG_CXX_LANGUAGE_STANDARD = "gnu++0x";
				CLANG_CXX_LIBRARY = "libc++";
				CLANG_ENABLE_MODULES = YES;
				CLANG_ENABLE_OBJC_ARC = YES;
				CLANG_WARN_BOOL_CONVERSION = YES;
				CLANG_WARN_CONSTANT_CONVERSION = YES;
				CLANG_WARN_DIRECT_OBJC_ISA_USAGE = YES_ERROR;
				CLANG_WARN_EMPTY_BODY = YES;
				CLANG_WARN_ENUM_CONVERSION = YES;
				CLANG_WARN_INT_CONVERSION = YES;
				CLANG_WARN_OBJC_ROOT_CLASS = YES_ERROR;
				CLANG_WARN__DUPLICATE_METHOD_MATCH = YES;
				"CODE_SIGN_IDENTITY[sdk=iphoneos*]" = "iPhone Developer";
				COPY_PHASE_STRIP = YES;
				ENABLE_NS_ASSERTIONS = NO;
				GCC_C_LANGUAGE_STANDARD = gnu99;
				GCC_WARN_64_TO_32_BIT_CONVERSION = YES;
				GCC_WARN_ABOUT_RETURN_TYPE = YES_ERROR;
				GCC_WARN_UNDECLARED_SELECTOR = YES;
				GCC_WARN_UNINITIALIZED_AUTOS = YES;
				GCC_WARN_UNUSED_FUNCTION = YES;
				GCC_WARN_UNUSED_VARIABLE = YES;
				IPHONEOS_DEPLOYMENT_TARGET = 7.0;
				SDKROOT = iphoneos;
				VALIDATE_PRODUCT = YES;
			};
			name = Release;
		};
		27156F7618B76AF50053A99C /* Debug */ = {
			isa = XCBuildConfiguration;
			buildSettings = {
				ASSETCATALOG_COMPILER_APPICON_NAME = AppIcon;
				ASSETCATALOG_COMPILER_LAUNCHIMAGE_NAME = LaunchImage;
				GCC_PRECOMPILE_PREFIX_HEADER = YES;
				GCC_PREFIX_HEADER = "Navigation/Navigation-Prefix.pch";
				INFOPLIST_FILE = "Navigation/Navigation-Info.plist";
				PRODUCT_NAME = "$(TARGET_NAME)";
				WRAPPER_EXTENSION = app;
			};
			name = Debug;
		};
		27156F7718B76AF50053A99C /* Release */ = {
			isa = XCBuildConfiguration;
			buildSettings = {
				ASSETCATALOG_COMPILER_APPICON_NAME = AppIcon;
				ASSETCATALOG_COMPILER_LAUNCHIMAGE_NAME = LaunchImage;
				GCC_PRECOMPILE_PREFIX_HEADER = YES;
				GCC_PREFIX_HEADER = "Navigation/Navigation-Prefix.pch";
				INFOPLIST_FILE = "Navigation/Navigation-Info.plist";
				PRODUCT_NAME = "$(TARGET_NAME)";
				WRAPPER_EXTENSION = app;
			};
			name = Release;
		};
		27156F7918B76AF50053A99C /* Debug */ = {
			isa = XCBuildConfiguration;
			buildSettings = {
				ARCHS = "$(ARCHS_STANDARD_INCLUDING_64_BIT)";
				BUNDLE_LOADER = "$(BUILT_PRODUCTS_DIR)/Navigation.app/Navigation";
				FRAMEWORK_SEARCH_PATHS = (
					"$(SDKROOT)/Developer/Library/Frameworks",
					"$(inherited)",
					"$(DEVELOPER_FRAMEWORKS_DIR)",
				);
				GCC_PRECOMPILE_PREFIX_HEADER = YES;
				GCC_PREFIX_HEADER = "Navigation/Navigation-Prefix.pch";
				GCC_PREPROCESSOR_DEFINITIONS = (
					"DEBUG=1",
					"$(inherited)",
				);
				INFOPLIST_FILE = "NavigationTests/NavigationTests-Info.plist";
				PRODUCT_NAME = "$(TARGET_NAME)";
				TEST_HOST = "$(BUNDLE_LOADER)";
				WRAPPER_EXTENSION = xctest;
			};
			name = Debug;
		};
		27156F7A18B76AF50053A99C /* Release */ = {
			isa = XCBuildConfiguration;
			buildSettings = {
				ARCHS = "$(ARCHS_STANDARD_INCLUDING_64_BIT)";
				BUNDLE_LOADER = "$(BUILT_PRODUCTS_DIR)/Navigation.app/Navigation";
				FRAMEWORK_SEARCH_PATHS = (
					"$(SDKROOT)/Developer/Library/Frameworks",
					"$(inherited)",
					"$(DEVELOPER_FRAMEWORKS_DIR)",
				);
				GCC_PRECOMPILE_PREFIX_HEADER = YES;
				GCC_PREFIX_HEADER = "Navigation/Navigation-Prefix.pch";
				INFOPLIST_FILE = "NavigationTests/NavigationTests-Info.plist";
				PRODUCT_NAME = "$(TARGET_NAME)";
				TEST_HOST = "$(BUNDLE_LOADER)";
				WRAPPER_EXTENSION = xctest;
			};
			name = Release;
		};
/* End XCBuildConfiguration section */

/* Begin XCConfigurationList section */
		27156F4418B76AF50053A99C /* Build configuration list for PBXProject "Navigation" */ = {
			isa = XCConfigurationList;
			buildConfigurations = (
				27156F7318B76AF50053A99C /* Debug */,
				27156F7418B76AF50053A99C /* Release */,
			);
			defaultConfigurationIsVisible = 0;
			defaultConfigurationName = Release;
		};
		27156F7518B76AF50053A99C /* Build configuration list for PBXNativeTarget "Navigation" */ = {
			isa = XCConfigurationList;
			buildConfigurations = (
				27156F7618B76AF50053A99C /* Debug */,
				27156F7718B76AF50053A99C /* Release */,
			);
			defaultConfigurationIsVisible = 0;
			defaultConfigurationName = Release;
		};
		27156F7818B76AF50053A99C /* Build configuration list for PBXNativeTarget "NavigationTests" */ = {
			isa = XCConfigurationList;
			buildConfigurations = (
				27156F7918B76AF50053A99C /* Debug */,
				27156F7A18B76AF50053A99C /* Release */,
			);
			defaultConfigurationIsVisible = 0;
			defaultConfigurationName = Release;
		};
/* End XCConfigurationList section */
	};
	rootObject = 27156F4118B76AF50053A99C /* Project object */;
}
